# This file is generated by running "yarn install" inside your project.
# Manual changes might be lost - proceed with caution!

__metadata:
  version: 6
  cacheKey: 8

"@skalenetwork/skale-contracts@workspace:.":
  version: 0.0.0-use.local
  resolution: "@skalenetwork/skale-contracts@workspace:."
  dependencies:
    "@tsconfig/recommended": ^1.0.2
    typescript: ^5.0.4
  languageName: unknown
  linkType: soft

"@tsconfig/recommended@npm:^1.0.2":
  version: 1.0.2
  resolution: "@tsconfig/recommended@npm:1.0.2"
  checksum: 8dab26157fc9748ff2d090b95f4dbe2aeb592dbdcf90f373f712da5ac54ff24f66193e7ee68fdc45880e7f767cfeb339ef3e9970ca59608ef93225db047f0d16
  languageName: node
  linkType: hard

"typescript@npm:^5.0.4":
  version: 5.0.4
  resolution: "typescript@npm:5.0.4"
  bin:
    tsc: bin/tsc
    tsserver: bin/tsserver
  checksum: 82b94da3f4604a8946da585f7d6c3025fff8410779e5bde2855ab130d05e4fd08938b9e593b6ebed165bda6ad9292b230984f10952cf82f0a0ca07bbeaa08172
  languageName: node
  linkType: hard

"typescript@patch:typescript@^5.0.4#~builtin<compat/typescript>":
  version: 5.0.4
  resolution: "typescript@patch:typescript@npm%3A5.0.4#~builtin<compat/typescript>::version=5.0.4&hash=b5f058"
  bin:
    tsc: bin/tsc
    tsserver: bin/tsserver
  checksum: d26b6ba97b6d163c55dbdffd9bbb4c211667ebebc743accfeb2c8c0154aace7afd097b51165a72a5bad2cf65a4612259344ff60f8e642362aa1695c760d303ac
  languageName: node
  linkType: hard
