# This file is generated by running "yarn install" inside your project.
# Manual changes might be lost - proceed with caution!

__metadata:
  version: 6
  cacheKey: 8

"@cspell/cspell-bundled-dicts@npm:8.19.3":
  version: 8.19.3
  resolution: "@cspell/cspell-bundled-dicts@npm:8.19.3"
  dependencies:
    "@cspell/dict-ada": ^4.1.0
    "@cspell/dict-al": ^1.1.0
    "@cspell/dict-aws": ^4.0.10
    "@cspell/dict-bash": ^4.2.0
    "@cspell/dict-companies": ^3.1.15
    "@cspell/dict-cpp": ^6.0.8
    "@cspell/dict-cryptocurrencies": ^5.0.4
    "@cspell/dict-csharp": ^4.0.6
    "@cspell/dict-css": ^4.0.17
    "@cspell/dict-dart": ^2.3.0
    "@cspell/dict-data-science": ^2.0.8
    "@cspell/dict-django": ^4.1.4
    "@cspell/dict-docker": ^1.1.13
    "@cspell/dict-dotnet": ^5.0.9
    "@cspell/dict-elixir": ^4.0.7
    "@cspell/dict-en-common-misspellings": ^2.0.10
    "@cspell/dict-en-gb": 1.1.33
    "@cspell/dict-en_us": ^4.4.3
    "@cspell/dict-filetypes": ^3.0.11
    "@cspell/dict-flutter": ^1.1.0
    "@cspell/dict-fonts": ^4.0.4
    "@cspell/dict-fsharp": ^1.1.0
    "@cspell/dict-fullstack": ^3.2.6
    "@cspell/dict-gaming-terms": ^1.1.1
    "@cspell/dict-git": ^3.0.4
    "@cspell/dict-golang": ^6.0.20
    "@cspell/dict-google": ^1.0.8
    "@cspell/dict-haskell": ^4.0.5
    "@cspell/dict-html": ^4.0.11
    "@cspell/dict-html-symbol-entities": ^4.0.3
    "@cspell/dict-java": ^5.0.11
    "@cspell/dict-julia": ^1.1.0
    "@cspell/dict-k8s": ^1.0.10
    "@cspell/dict-kotlin": ^1.1.0
    "@cspell/dict-latex": ^4.0.3
    "@cspell/dict-lorem-ipsum": ^4.0.4
    "@cspell/dict-lua": ^4.0.7
    "@cspell/dict-makefile": ^1.0.4
    "@cspell/dict-markdown": ^2.0.10
    "@cspell/dict-monkeyc": ^1.0.10
    "@cspell/dict-node": ^5.0.7
    "@cspell/dict-npm": ^5.2.1
    "@cspell/dict-php": ^4.0.14
    "@cspell/dict-powershell": ^5.0.14
    "@cspell/dict-public-licenses": ^2.0.13
    "@cspell/dict-python": ^4.2.17
    "@cspell/dict-r": ^2.1.0
    "@cspell/dict-ruby": ^5.0.8
    "@cspell/dict-rust": ^4.0.11
    "@cspell/dict-scala": ^5.0.7
    "@cspell/dict-shell": ^1.1.0
    "@cspell/dict-software-terms": ^5.0.5
    "@cspell/dict-sql": ^2.2.0
    "@cspell/dict-svelte": ^1.0.6
    "@cspell/dict-swift": ^2.0.5
    "@cspell/dict-terraform": ^1.1.1
    "@cspell/dict-typescript": ^3.2.1
    "@cspell/dict-vue": ^3.0.4
  checksum: 4c3e71f2ea34feae56adc267a01992a483b66562943a597b355409b80ed7d2c4016cab65f4542649103dc73b68b8c5273f3ced341c79fd38d34166f6f2e31f90
  languageName: node
  linkType: hard

"@cspell/cspell-json-reporter@npm:8.19.3":
  version: 8.19.3
  resolution: "@cspell/cspell-json-reporter@npm:8.19.3"
  dependencies:
    "@cspell/cspell-types": 8.19.3
  checksum: 6f3f270cc7b3688fda0683c7dc312ef476f53cc39825cc9b22d08024849b6498442a91472af307d1b3cb590406fd0befddcb20ce190e2cac6eecdaf282a25c43
  languageName: node
  linkType: hard

"@cspell/cspell-pipe@npm:8.19.3":
  version: 8.19.3
  resolution: "@cspell/cspell-pipe@npm:8.19.3"
  checksum: 8c16119bf91b613b169c848017a8df6432307bfc6a9be0837f4354194fdf7f119749900c87db95a0e6d3bdbbec3bf6fef3434db61e33ff4e96f4fd98b641bf22
  languageName: node
  linkType: hard

"@cspell/cspell-resolver@npm:8.19.3":
  version: 8.19.3
  resolution: "@cspell/cspell-resolver@npm:8.19.3"
  dependencies:
    global-directory: ^4.0.1
  checksum: 53ad5e64af4032a8654be65512fcde97916ab54812054c8cc7fbb58d79c6db1bf12c138042c9a88f5da2bc28b56a17e858dbc6a21718e21fb36d95252aa9fcc9
  languageName: node
  linkType: hard

"@cspell/cspell-service-bus@npm:8.19.3":
  version: 8.19.3
  resolution: "@cspell/cspell-service-bus@npm:8.19.3"
  checksum: 57964cda7635a87a0e33fea8c80eadc622e56a58e61097fcd2dae2b0e885e4aff8b2048ce37a571cb6d96991364f73b181694b7317d3e3b92ca7790fb9024392
  languageName: node
  linkType: hard

"@cspell/cspell-types@npm:8.19.3":
  version: 8.19.3
  resolution: "@cspell/cspell-types@npm:8.19.3"
  checksum: ffe77155abb64208e123eac8f191cfd7286ab00348c32028418d227ca7da692cafc912cbf4b3a5c2b11300dee157a52cc3e770e8c01bdb66a6400ffe944550f5
  languageName: node
  linkType: hard

"@cspell/dict-ada@npm:^4.1.0":
  version: 4.1.0
  resolution: "@cspell/dict-ada@npm:4.1.0"
  checksum: 9e961e7e38b77a8abdb5df82b96e5e4619aedb662b22d971d4808252a1da7ef041c5e4e75ecc72ac9da9f36de8f461495a1f6dbeb751e903efa3626d571a0ddb
  languageName: node
  linkType: hard

"@cspell/dict-al@npm:^1.1.0":
  version: 1.1.0
  resolution: "@cspell/dict-al@npm:1.1.0"
  checksum: 219961cd60c91d43e20f6384df3d2d6b7b208fc6e9a34316e08826fe2ffd9890905d2a3b3fdbea28990989f22f1ddf094b3c635781089d9a04ee2d2b4023457d
  languageName: node
  linkType: hard

"@cspell/dict-aws@npm:^4.0.10":
  version: 4.0.10
  resolution: "@cspell/dict-aws@npm:4.0.10"
  checksum: 01bb3b9f34a16688dcdbfccef1d7162d445f3edd8fd7deba823ed4346a8302d98799367b55f7de3e6dbb80218da7d75c442012552606b44dcc49ad52e013081c
  languageName: node
  linkType: hard

"@cspell/dict-bash@npm:^4.2.0":
  version: 4.2.0
  resolution: "@cspell/dict-bash@npm:4.2.0"
  dependencies:
    "@cspell/dict-shell": 1.1.0
  checksum: 2a87ebb5f0b1140ceeab0991411ebfe03a05cebb296d30812a3e9f78cf0a56622484fbda5212d5811e59f1b1ca4dacae77341c1f3c0c5fc2efdb19393fddd766
  languageName: node
  linkType: hard

"@cspell/dict-companies@npm:^3.1.15":
  version: 3.1.15
  resolution: "@cspell/dict-companies@npm:3.1.15"
  checksum: 47f7164192cca6eff3200012faf5b4562f12d9282345bbfb2229692c651d5c0398445270b4c87e7e8478cfaabf65bde1881dfd7fffb68006813497a92806fc7a
  languageName: node
  linkType: hard

"@cspell/dict-cpp@npm:^6.0.8":
  version: 6.0.8
  resolution: "@cspell/dict-cpp@npm:6.0.8"
  checksum: aaba5ce7e152f676ba4cc3ac02ce3cb32545e20412abad59cbb4a41419fcd8b7cdef72da86c3a47eb5c20b6960eb6499195b51d805d830c88dbf2d4bbe68109c
  languageName: node
  linkType: hard

"@cspell/dict-cryptocurrencies@npm:^5.0.4":
  version: 5.0.4
  resolution: "@cspell/dict-cryptocurrencies@npm:5.0.4"
  checksum: 54229c432f70320aa060c5c101a242e64f40f1f5b8404d1e2a5afc867e2f1cb862e1d84b3383c4bdfa3768302cca49f51bf8ea78c5509113b4a1e18ff00abfae
  languageName: node
  linkType: hard

"@cspell/dict-csharp@npm:^4.0.6":
  version: 4.0.6
  resolution: "@cspell/dict-csharp@npm:4.0.6"
  checksum: b86a3c0da979bbc9e0de9d4e9a83158190ac4bd454534ace3d2e48e4162eb1915e1f2f70e017e6df25eb3c017053d745897ad46a3c8d1357fdb4a2723e545154
  languageName: node
  linkType: hard

"@cspell/dict-css@npm:^4.0.17":
  version: 4.0.17
  resolution: "@cspell/dict-css@npm:4.0.17"
  checksum: 5ace777f44962b3a155a5194c17cfc81f79701d7e52fa626064902d33821f1f15e277a779355c08153aa7b8118178d96d6b004349492e630b94264070549492d
  languageName: node
  linkType: hard

"@cspell/dict-dart@npm:^2.3.0":
  version: 2.3.0
  resolution: "@cspell/dict-dart@npm:2.3.0"
  checksum: 9ae3c33585959bcdf2886bd2cbf81a05d36872d8d3a7bdfa72ab3c97549735abf9b82e1aa47c3590953a4621c0250b04fb1330b23d8030a1ae86ac3a6d68b26f
  languageName: node
  linkType: hard

"@cspell/dict-data-science@npm:^2.0.8":
  version: 2.0.8
  resolution: "@cspell/dict-data-science@npm:2.0.8"
  checksum: bfafb9cf0892a207eb0aa00aac25a4c88387791530adf87e5d34ad6609c29ed250cceb0774ea126723310e16a2aacf31fa56992da0ceab6f7e40c6963905a8b0
  languageName: node
  linkType: hard

"@cspell/dict-django@npm:^4.1.4":
  version: 4.1.4
  resolution: "@cspell/dict-django@npm:4.1.4"
  checksum: 70dca29f5dc7a774a4a64bc1ce70c677108cde6364520b58fab8ff0fb944632b024d5904339063a08a879a1b396b98d7e6a46ead18bf901b35651199ea0bbfe3
  languageName: node
  linkType: hard

"@cspell/dict-docker@npm:^1.1.13":
  version: 1.1.13
  resolution: "@cspell/dict-docker@npm:1.1.13"
  checksum: 6b3f522d14d950b2febd2bd6109b21619b16464053d9a51cd37abeb30e4fbac8566939e84be7929adbacd8de734e5e97eca57129c86e80d08bf58f3c2402cb8b
  languageName: node
  linkType: hard

"@cspell/dict-dotnet@npm:^5.0.9":
  version: 5.0.9
  resolution: "@cspell/dict-dotnet@npm:5.0.9"
  checksum: 2fefb4593b2621cdf5bc3413aa364b788abc6a3693e629833d74c230a4fa7b7b2dd5c4245165231aedf59f75db29b081ecf15beb5a96c18242042298411ffcac
  languageName: node
  linkType: hard

"@cspell/dict-elixir@npm:^4.0.7":
  version: 4.0.7
  resolution: "@cspell/dict-elixir@npm:4.0.7"
  checksum: c4b717617603eb6b0b9d3d785f4917b34d187fe1f97e4a65147907da440df2b0a878f6382b621914e3a40336d613d24f011fa17c32aab31ad7183e0f065d8721
  languageName: node
  linkType: hard

"@cspell/dict-en-common-misspellings@npm:^2.0.10":
  version: 2.0.10
  resolution: "@cspell/dict-en-common-misspellings@npm:2.0.10"
  checksum: 3307bb6740b024857a000e2226809c979db88251691a9706ddb72dd55d18b4bb376dabdbd0c466e8878f236b75cbe2c62cde3223abab8e56ae766944f2e0a5ce
  languageName: node
  linkType: hard

"@cspell/dict-en-gb@npm:1.1.33":
  version: 1.1.33
  resolution: "@cspell/dict-en-gb@npm:1.1.33"
  checksum: 09a9e7a3ee4cad75c87cc7adf6b5981b3ec52d4e3707e8de2e1a2a55cd5c8539057a7742d9c7035e23eb0aeff80a95b9599696c7192c9b3b9d8f14440fe01938
  languageName: node
  linkType: hard

"@cspell/dict-en_us@npm:^4.4.3":
  version: 4.4.3
  resolution: "@cspell/dict-en_us@npm:4.4.3"
  checksum: e3612a0da68c6e3fc41c3b2b2b1e3406bdb532c1d6a5fde68a34f85e0834c509e98dc2b3c496d9d52e2a1aa69bdcffdeb7134c50c9a815b949cecd4b53d91a20
  languageName: node
  linkType: hard

"@cspell/dict-filetypes@npm:^3.0.11":
  version: 3.0.11
  resolution: "@cspell/dict-filetypes@npm:3.0.11"
  checksum: b3bc6a50a5089029325a94e150787dd521364a3e35c426fa2535b384da19d85cbb157c12e18a9853353c6df8d60d709976dc26103942fa6d108406074242646f
  languageName: node
  linkType: hard

"@cspell/dict-flutter@npm:^1.1.0":
  version: 1.1.0
  resolution: "@cspell/dict-flutter@npm:1.1.0"
  checksum: b8944d7c91b8617727dcca2191e2bdea4e97a3c2e76e6b8e015805f31dac99040da8ef74035c917c77646dfb19f1efe916d51e5171c54209850daf4be0db046c
  languageName: node
  linkType: hard

"@cspell/dict-fonts@npm:^4.0.4":
  version: 4.0.4
  resolution: "@cspell/dict-fonts@npm:4.0.4"
  checksum: a339339f80c40256d53a7ca4c85f58e31b8d32c9dc2b25564f45c11e258da2435933e00b52066ee8543ff3e12469d8e2ab6a3d7b1684850c2f1c4c58d9d9a239
  languageName: node
  linkType: hard

"@cspell/dict-fsharp@npm:^1.1.0":
  version: 1.1.0
  resolution: "@cspell/dict-fsharp@npm:1.1.0"
  checksum: 2f667bc9ef55034a603147404f9e55a29b68210acd84938695404d12ede34a060202d109a8c2deada5c863b75b8b5946c2f74e583be18c2e9727423563d914db
  languageName: node
  linkType: hard

"@cspell/dict-fullstack@npm:^3.2.6":
  version: 3.2.6
  resolution: "@cspell/dict-fullstack@npm:3.2.6"
  checksum: 10d562bf2126a660542a2e82f684240791a9064e50b4de8150f9e3d478791314e41422e3fee2e38596154e71dd963ca4088f2c730575b5959d758c27186c2c67
  languageName: node
  linkType: hard

"@cspell/dict-gaming-terms@npm:^1.1.1":
  version: 1.1.1
  resolution: "@cspell/dict-gaming-terms@npm:1.1.1"
  checksum: 9ca5a3b319924a4dd0eb53aeaa691cf2002c58a990c981a87ddbc64b0b95d1145b1b0aafca749f25f2bc0e2071efa95fe623ea17f587a79b2399da444abfce91
  languageName: node
  linkType: hard

"@cspell/dict-git@npm:^3.0.4":
  version: 3.0.4
  resolution: "@cspell/dict-git@npm:3.0.4"
  checksum: 23519344e5873acbae47fbc60b3cbdf60ff350ea1dc09518f5b66605cd7409d854cd692127243e9d6912503cd644307e9c7ccbb0730becd9871fa52ce0f7c3b6
  languageName: node
  linkType: hard

"@cspell/dict-golang@npm:^6.0.20":
  version: 6.0.20
  resolution: "@cspell/dict-golang@npm:6.0.20"
  checksum: cf8e459deef3a137676103cb460cdcc5de8b5d6695b8b6f2761b8d8a7aceef262e1d6c5b5eb052740900c92e7c42059a27696ac0b42714d6360ab07a590d996f
  languageName: node
  linkType: hard

"@cspell/dict-google@npm:^1.0.8":
  version: 1.0.8
  resolution: "@cspell/dict-google@npm:1.0.8"
  checksum: ca6def5dd777e9a23e0236c134abbe800e6d1df3721512147ca30516bc097d6b7ddbe0e9f351c1cf85b4ca11ab7148686cc20c3f24e9f82984dc98e698a13401
  languageName: node
  linkType: hard

"@cspell/dict-haskell@npm:^4.0.5":
  version: 4.0.5
  resolution: "@cspell/dict-haskell@npm:4.0.5"
  checksum: 4f663d904c17f760e10f457669665e2a4c205ef27389e82e61b4017c1bfd1e446db7401ee5fcca74a9441135ae17130e8f92601bdd6b0837850f0636ea170088
  languageName: node
  linkType: hard

"@cspell/dict-html-symbol-entities@npm:^4.0.3":
  version: 4.0.3
  resolution: "@cspell/dict-html-symbol-entities@npm:4.0.3"
  checksum: 0cef821bf2400a3f8b0d3c94eb8c5de531cbf3ed409d95faf5aaa7f272774ab1e6fa0f315c0902cc661d81bf52075f134b7687bec9c9f1184d176517b3781671
  languageName: node
  linkType: hard

"@cspell/dict-html@npm:^4.0.11":
  version: 4.0.11
  resolution: "@cspell/dict-html@npm:4.0.11"
  checksum: b3e5b17c3e3d014b79c324fbe297ed24043695c6defe2d9359d3fde2430b035e916c107b63c8b76ba579a61045b0cd5fe2e856288b70d9b5f5db955a91ce55ea
  languageName: node
  linkType: hard

"@cspell/dict-java@npm:^5.0.11":
  version: 5.0.11
  resolution: "@cspell/dict-java@npm:5.0.11"
  checksum: 0fa2f3ae5c9e9d61c38d550cc55c933f6e75ef4a340c9fcc39ce99ce0844121dc2cdc8436f4e53707eb7aff6a43693766e47d6aa127800bf986c5de143e8bb30
  languageName: node
  linkType: hard

"@cspell/dict-julia@npm:^1.1.0":
  version: 1.1.0
  resolution: "@cspell/dict-julia@npm:1.1.0"
  checksum: 2a978c8ffdd98339c45ed666818a65a367f4af3190fa7ea807a37f55bc8a9b41b19d707b6e7b438f58faaa4e29444f871a1c8df5af546f77303ba7fc2d0f4d78
  languageName: node
  linkType: hard

"@cspell/dict-k8s@npm:^1.0.10":
  version: 1.0.10
  resolution: "@cspell/dict-k8s@npm:1.0.10"
  checksum: 7cc4eb5f9de33b956ab8203a020cd3322d9107b1732069afc77a54ceb3c7fcfc9ea9de4cc28ac14670f36d78278afd749292e64f2642a2d96f7cea11eea0ffa7
  languageName: node
  linkType: hard

"@cspell/dict-kotlin@npm:^1.1.0":
  version: 1.1.0
  resolution: "@cspell/dict-kotlin@npm:1.1.0"
  checksum: 6127b64037e9c4f0be49fd9be3435c999361001cf52dcf6f47f0467add55df4ca95c0a0056b4bfdcdd1363132892087a30475a664e2176bc487311346a22474e
  languageName: node
  linkType: hard

"@cspell/dict-latex@npm:^4.0.3":
  version: 4.0.3
  resolution: "@cspell/dict-latex@npm:4.0.3"
  checksum: 948f74d411d76dea1180e66576ce6297cf520fe7eea12b6fce46f07844229750917e42c538929d8be62d04e1ff4cbeeb7c770999327f179cfeef68eb373d3586
  languageName: node
  linkType: hard

"@cspell/dict-lorem-ipsum@npm:^4.0.4":
  version: 4.0.4
  resolution: "@cspell/dict-lorem-ipsum@npm:4.0.4"
  checksum: f75cca35d89aa407a21875b2c58b5c959c0a06aed1aaea4a8b91a7e42e3d83ae1604a735e184cc7b4b3c294189013be5f46888ee46526284f99b21da391a8ef6
  languageName: node
  linkType: hard

"@cspell/dict-lua@npm:^4.0.7":
  version: 4.0.7
  resolution: "@cspell/dict-lua@npm:4.0.7"
  checksum: ef1ad0f059f5e2c99e6741633c75ed59640bd4c3b421c8c7af124facafc9c4ecb578e1bfe2a180d63e0063c508dec31db2615a864744c2737ed0d47fa4daaaad
  languageName: node
  linkType: hard

"@cspell/dict-makefile@npm:^1.0.4":
  version: 1.0.4
  resolution: "@cspell/dict-makefile@npm:1.0.4"
  checksum: 1aece9d61e21aabaad8cd8048f7647739d6a48ab532b4637b72b53d4360dc6780dc4be35a14de541a3dd05b076efd9f106af83fa0e7ca3ae149c86143a72b96b
  languageName: node
  linkType: hard

"@cspell/dict-markdown@npm:^2.0.10":
  version: 2.0.10
  resolution: "@cspell/dict-markdown@npm:2.0.10"
  peerDependencies:
    "@cspell/dict-css": ^4.0.17
    "@cspell/dict-html": ^4.0.11
    "@cspell/dict-html-symbol-entities": ^4.0.3
    "@cspell/dict-typescript": ^3.2.1
  checksum: a43a64a7c44c92572142ce5bb9efa08d4303d9e54e7141d46aa238e7b105fb022adba840ec7facbdb7d9f195a344793e98a16553c3070ef6b0f0916430814abb
  languageName: node
  linkType: hard

"@cspell/dict-monkeyc@npm:^1.0.10":
  version: 1.0.10
  resolution: "@cspell/dict-monkeyc@npm:1.0.10"
  checksum: 670443bfc5be5d69a5b4bc22330191f586bbfd29220c00d69473eea4f2c0c94321b42d83c74e98fde6fc0fe4e933425dcffa2941b62111326b50effd101fb2d7
  languageName: node
  linkType: hard

"@cspell/dict-node@npm:^5.0.7":
  version: 5.0.7
  resolution: "@cspell/dict-node@npm:5.0.7"
  checksum: 14d4dbec893a57d2c25478ea5a9b649576f9f67a7de7dac93f82b80142c10eba5bca8c6b9608ff167d54a3086f24342398a3dc952e2180adfdf0406ebd5f6c05
  languageName: node
  linkType: hard

"@cspell/dict-npm@npm:^5.2.1":
  version: 5.2.1
  resolution: "@cspell/dict-npm@npm:5.2.1"
  checksum: bc9280da564c4307698fbec996a724d7f0e62f49013d60217974a70a6aa20f06de2ff3fe01b210df042165a5c08cd87fdbd0ba7346477ef80f6f658868e1ff4d
  languageName: node
  linkType: hard

"@cspell/dict-php@npm:^4.0.14":
  version: 4.0.14
  resolution: "@cspell/dict-php@npm:4.0.14"
  checksum: b079e928c00e187cd1ac242ab3ff88a09d12f726ee590d01205c829c417c1c6803e3453ce3174546c25e66aef8c4512e46b3ea55a1f907e684f9a5488a454204
  languageName: node
  linkType: hard

"@cspell/dict-powershell@npm:^5.0.14":
  version: 5.0.14
  resolution: "@cspell/dict-powershell@npm:5.0.14"
  checksum: 7d527250933e8597ee2b694e70d7abf094b3ba5a2058b37934423cb2cb13384f7d79ca660ff723bea2c80390d5a30948e065369bfd2de1cc4281172b703d711f
  languageName: node
  linkType: hard

"@cspell/dict-public-licenses@npm:^2.0.13":
  version: 2.0.13
  resolution: "@cspell/dict-public-licenses@npm:2.0.13"
  checksum: f3aee5da76fca275c139a4a08b46cbfcb41e14cfb2c0933e413b2b3ef116f0421b34f8bd478d6fae69b199ea19ab3f46353c9aae4231492169fdf09823bcba32
  languageName: node
  linkType: hard

"@cspell/dict-python@npm:^4.2.17":
  version: 4.2.17
  resolution: "@cspell/dict-python@npm:4.2.17"
  dependencies:
    "@cspell/dict-data-science": ^2.0.8
  checksum: 142d7beca76d41f547fa1f9bb23c9d599a9243e861dc3355dc37494ceb2ad8c154e993555d2d608e2f03a8758debf477bee7ea63dac66bc296b85a45db737516
  languageName: node
  linkType: hard

"@cspell/dict-r@npm:^2.1.0":
  version: 2.1.0
  resolution: "@cspell/dict-r@npm:2.1.0"
  checksum: 5ba48ac82578feade56196fa6c236a2bbea5555ce9cade2966a0c2bbd676b37aeac06556079ca7a306189ff8e9f811ca4c1b01c58ddbcdda447a9434277792c9
  languageName: node
  linkType: hard

"@cspell/dict-ruby@npm:^5.0.8":
  version: 5.0.8
  resolution: "@cspell/dict-ruby@npm:5.0.8"
  checksum: 62734eb3a5178e6dee5feeff8e4a59b8da42e64f895191e765a2ec134c9da54480967e355766ee4440f5a912eecdfb37d97c377351c526fab7a07bc38a03659f
  languageName: node
  linkType: hard

"@cspell/dict-rust@npm:^4.0.11":
  version: 4.0.11
  resolution: "@cspell/dict-rust@npm:4.0.11"
  checksum: e336ad35129660bfde98efa9498a0b7237374ee9026baf7366a52f73f5c1a85cd0ed9dffcead7af2350155456ba8f1157d63dd17061a6187d1eabedaf33372ef
  languageName: node
  linkType: hard

"@cspell/dict-scala@npm:^5.0.7":
  version: 5.0.7
  resolution: "@cspell/dict-scala@npm:5.0.7"
  checksum: 2eed66e8fc079995c5c7d47ce81e02b2a0312a33aa941253c727cf2ee3da8e43efc335b995f497277b919293545d8b9f71bc3181dfa694cacd9ebe79b5312cf0
  languageName: node
  linkType: hard

"@cspell/dict-shell@npm:1.1.0, @cspell/dict-shell@npm:^1.1.0":
  version: 1.1.0
  resolution: "@cspell/dict-shell@npm:1.1.0"
  checksum: bb583a25cc955d89b7f0523fa46cd10b5ac0f3395addb2592f59e7e2fdfa03df4c3eb485c4c36fd79d58578711e083ea22f8ab794a4deb9ae31a186eef959eb0
  languageName: node
  linkType: hard

"@cspell/dict-software-terms@npm:^5.0.5":
  version: 5.0.5
  resolution: "@cspell/dict-software-terms@npm:5.0.5"
  checksum: b1f4c626c72372a00ba1a9d506a2fc2d79bf222f69cdb530beb921fcbd74acb01382155ffb580b01e4c91c793b10f6ac93993dc5c8b80deb786f1a31f28797a8
  languageName: node
  linkType: hard

"@cspell/dict-sql@npm:^2.2.0":
  version: 2.2.0
  resolution: "@cspell/dict-sql@npm:2.2.0"
  checksum: 46a02b2a8086802aaf5b81d7570c56a73f4bbb59ffc97823c41041521a33d85d6f0b065753bbc11776f670fc98846c28ee9496cb03c79f0b87f361f9ffd3c03d
  languageName: node
  linkType: hard

"@cspell/dict-svelte@npm:^1.0.6":
  version: 1.0.6
  resolution: "@cspell/dict-svelte@npm:1.0.6"
  checksum: b6c4fb7738cc3070d3d6aa843e9a0ef9783a8e64368d0d4e0689e4680f6640760feb03db6c20e3a997d72381938cf669359e1d2730a1d14a6daa014c324ad160
  languageName: node
  linkType: hard

"@cspell/dict-swift@npm:^2.0.5":
  version: 2.0.5
  resolution: "@cspell/dict-swift@npm:2.0.5"
  checksum: 09c84f12840f1ef000c0a775ba94ee49e7726d552744be4f21000a8fd45ac7608d4142f8cd9e28a111ac9afd0c0a657183cad35ff899178c02254c27593c3704
  languageName: node
  linkType: hard

"@cspell/dict-terraform@npm:^1.1.1":
  version: 1.1.1
  resolution: "@cspell/dict-terraform@npm:1.1.1"
  checksum: 0843bbb0e3142caa6f878bde7850683913ffc7501a7c468ba6c0ff14e98c6938c86da04d1ed9a4be161b5b0a22d16bdc7947aa2a02b6e0268939defb9ae96529
  languageName: node
  linkType: hard

"@cspell/dict-typescript@npm:^3.2.1":
  version: 3.2.1
  resolution: "@cspell/dict-typescript@npm:3.2.1"
  checksum: 41eee4fca447c87fe261901975e270df04d803d7188057769c4fbd0c42c00d9cee6581f51f688cd9b6972d9a1d86dc4679535f828198db6c638c9a25eb85cad4
  languageName: node
  linkType: hard

"@cspell/dict-vue@npm:^3.0.4":
  version: 3.0.4
  resolution: "@cspell/dict-vue@npm:3.0.4"
  checksum: 53904dcaf74ac5e20814ebc2aa484ad6cc607091312c8eeaefb81ada060869c20625accda5e35939e53c148261c67c4129f859fbf50da28cfa5b30d70290ee15
  languageName: node
  linkType: hard

"@cspell/dynamic-import@npm:8.19.3":
  version: 8.19.3
  resolution: "@cspell/dynamic-import@npm:8.19.3"
  dependencies:
    "@cspell/url": 8.19.3
    import-meta-resolve: ^4.1.0
  checksum: 75dc4478e067dc4e53d45d8822445369b164e2a957812963a54e7c8e0197ead47977592545f72d37b88e7177b87e218a40e79d77db6cd475f71c5f937b46346c
  languageName: node
  linkType: hard

"@cspell/filetypes@npm:8.19.3":
  version: 8.19.3
  resolution: "@cspell/filetypes@npm:8.19.3"
  checksum: f7883680c2005e1151ca83077b294c265c4f6906db35e7ffa736482f21e770e4657db804650bc9438158c5f3fae6b332532c6f243f0c648d40e79c4c736f0576
  languageName: node
  linkType: hard

"@cspell/strong-weak-map@npm:8.19.3":
  version: 8.19.3
  resolution: "@cspell/strong-weak-map@npm:8.19.3"
  checksum: c1f4b8219734f06744848416867ff7d9c225580ee5be5946691ac93f9e3a10397b3ca287fdeec6af2ee89eac3a69b43a6632c0c064285663948b57598988eade
  languageName: node
  linkType: hard

"@cspell/url@npm:8.19.3":
  version: 8.19.3
  resolution: "@cspell/url@npm:8.19.3"
  checksum: d1d6355edf28e7d4fd07977e1d99ece2d229a17d862393253ddcfef0edc48f663f5012b6fec40abfb1e295789518a4f97f4e46ad58f445f085fe4666ae68b63a
  languageName: node
  linkType: hard

"array-timsort@npm:^1.0.3":
  version: 1.0.3
  resolution: "array-timsort@npm:1.0.3"
  checksum: fd4b5b0911214bdc8b5699ed10d309685551b518b3819c611c967cff59b87aee01cf591a10e36a3f14dbff696984bd6682b845f6fdbf1217195e910f241a4f78
  languageName: node
  linkType: hard

"callsites@npm:^3.0.0, callsites@npm:^3.1.0":
  version: 3.1.0
  resolution: "callsites@npm:3.1.0"
  checksum: 072d17b6abb459c2ba96598918b55868af677154bec7e73d222ef95a8fdb9bbf7dae96a8421085cdad8cd190d86653b5b6dc55a4484f2e5b2e27d5e0c3fc15b3
  languageName: node
  linkType: hard

"chalk-template@npm:^1.1.0":
  version: 1.1.0
  resolution: "chalk-template@npm:1.1.0"
  dependencies:
    chalk: ^5.2.0
  checksum: 868aae8d4e7556ad2f35de4e04fe65dbe1ea6c5c80ad783f1c156d0a5c33f444c6814f49cbb68fe348c78e99daf2bcf566b47ad7e13603e4691ca78b2f422824
  languageName: node
  linkType: hard

"chalk@npm:^5.2.0":
  version: 5.3.0
  resolution: "chalk@npm:5.3.0"
  checksum: 623922e077b7d1e9dedaea6f8b9e9352921f8ae3afe739132e0e00c275971bdd331268183b2628cf4ab1727c45ea1f28d7e24ac23ce1db1eb653c414ca8a5a80
  languageName: node
  linkType: hard

"chalk@npm:^5.4.1":
  version: 5.4.1
  resolution: "chalk@npm:5.4.1"
  checksum: 0c656f30b782fed4d99198825c0860158901f449a6b12b818b0aabad27ec970389e7e8767d0e00762175b23620c812e70c4fd92c0210e55fc2d993638b74e86e
  languageName: node
  linkType: hard

"clear-module@npm:^4.1.2":
  version: 4.1.2
  resolution: "clear-module@npm:4.1.2"
  dependencies:
    parent-module: ^2.0.0
    resolve-from: ^5.0.0
  checksum: 4931f0c461f5d7b9b79f62c2d1bc31c37f7f1d33b4e95eef7080a83955c0374f4c180f5a96cc4d63bbefc64a9aa5d12b155641109e8e489dfa50fd5820e5101f
  languageName: node
  linkType: hard

"commander@npm:^13.1.0":
  version: 13.1.0
  resolution: "commander@npm:13.1.0"
  checksum: 8ca2fcb33caf2aa06fba3722d7a9440921331d54019dabf906f3603313e7bf334b009b862257b44083ff65d5a3ab19e83ad73af282bd5319f01dc228bdf87ef0
  languageName: node
  linkType: hard

"comment-json@npm:^4.2.5":
  version: 4.2.5
  resolution: "comment-json@npm:4.2.5"
  dependencies:
    array-timsort: ^1.0.3
    core-util-is: ^1.0.3
    esprima: ^4.0.1
    has-own-prop: ^2.0.0
    repeat-string: ^1.6.1
  checksum: 6dfc7b83d079595f3fd397af1fe2c48537c0a6fe537f718c4a9e5fbdbb78bb8c2bf0aebc0cc64d14c4807eb030f3e5357235a5adcc366457ab4059256d57f59c
  languageName: node
  linkType: hard

"core-util-is@npm:^1.0.3":
  version: 1.0.3
  resolution: "core-util-is@npm:1.0.3"
  checksum: 9de8597363a8e9b9952491ebe18167e3b36e7707569eed0ebf14f8bba773611376466ae34575bca8cfe3c767890c859c74056084738f09d4e4a6f902b2ad7d99
  languageName: node
  linkType: hard

"cspell-config-lib@npm:8.19.3":
  version: 8.19.3
  resolution: "cspell-config-lib@npm:8.19.3"
  dependencies:
    "@cspell/cspell-types": 8.19.3
    comment-json: ^4.2.5
    yaml: ^2.7.1
  checksum: 8520b9c9325f70da196bfd8a8579f18079fac128d93bbfe6718dcb09628b7056505abb3208d5a681c5361c5118fc00a751d8f415d25371ad7f8e81f6fd5a4ebe
  languageName: node
  linkType: hard

"cspell-dictionary@npm:8.19.3":
  version: 8.19.3
  resolution: "cspell-dictionary@npm:8.19.3"
  dependencies:
    "@cspell/cspell-pipe": 8.19.3
    "@cspell/cspell-types": 8.19.3
    cspell-trie-lib: 8.19.3
    fast-equals: ^5.2.2
  checksum: c410e937e601c08a3ed082c0e6cf95b7fc18935a05f4de160d0370c13cbe90b7fb65e5f0e127d1a022f70935b2ba7d7292e6d620db51b76e84dfbe07be45614f
  languageName: node
  linkType: hard

"cspell-gitignore@npm:8.19.3":
  version: 8.19.3
  resolution: "cspell-gitignore@npm:8.19.3"
  dependencies:
    "@cspell/url": 8.19.3
    cspell-glob: 8.19.3
    cspell-io: 8.19.3
  bin:
    cspell-gitignore: bin.mjs
  checksum: 7761fdfb23b15a2f7f172765fc0833e4c154c9620ad81a9b660c0ace82d3854e9d214143726ecf03c534785263024359f3dd82ad572f21e2c8856d24d3bc7b10
  languageName: node
  linkType: hard

"cspell-glob@npm:8.19.3":
  version: 8.19.3
  resolution: "cspell-glob@npm:8.19.3"
  dependencies:
    "@cspell/url": 8.19.3
    picomatch: ^4.0.2
  checksum: d31151424ddaf6c86a60a47443c3645eff8442f601d52484ad6ec54c6eabec8e748d384e7c18f05ba8cc3192e7dcd159c514d066897adab14e362d33be606336
  languageName: node
  linkType: hard

"cspell-grammar@npm:8.19.3":
  version: 8.19.3
  resolution: "cspell-grammar@npm:8.19.3"
  dependencies:
    "@cspell/cspell-pipe": 8.19.3
    "@cspell/cspell-types": 8.19.3
  bin:
    cspell-grammar: bin.mjs
  checksum: ce2799d434dd79ae29c46067639968e36772af4e50dd14fa5428c634db20b4db259b4c64652c35822572f6c79d8b08fb7e426f4865617eca22ea556700caaf25
  languageName: node
  linkType: hard

"cspell-io@npm:8.19.3":
  version: 8.19.3
  resolution: "cspell-io@npm:8.19.3"
  dependencies:
    "@cspell/cspell-service-bus": 8.19.3
    "@cspell/url": 8.19.3
  checksum: 0574f8d72717049db40ebb526a8962480587c0de6fd4e2cb3d499bbcc3f102984019e95866da2ab65feaac744dd1d5101ab5bf13641d1481b306888e0c1f4879
  languageName: node
  linkType: hard

"cspell-lib@npm:8.19.3":
  version: 8.19.3
  resolution: "cspell-lib@npm:8.19.3"
  dependencies:
    "@cspell/cspell-bundled-dicts": 8.19.3
    "@cspell/cspell-pipe": 8.19.3
    "@cspell/cspell-resolver": 8.19.3
    "@cspell/cspell-types": 8.19.3
    "@cspell/dynamic-import": 8.19.3
    "@cspell/filetypes": 8.19.3
    "@cspell/strong-weak-map": 8.19.3
    "@cspell/url": 8.19.3
    clear-module: ^4.1.2
    comment-json: ^4.2.5
    cspell-config-lib: 8.19.3
    cspell-dictionary: 8.19.3
    cspell-glob: 8.19.3
    cspell-grammar: 8.19.3
    cspell-io: 8.19.3
    cspell-trie-lib: 8.19.3
    env-paths: ^3.0.0
    fast-equals: ^5.2.2
    gensequence: ^7.0.0
    import-fresh: ^3.3.1
    resolve-from: ^5.0.0
    vscode-languageserver-textdocument: ^1.0.12
    vscode-uri: ^3.1.0
    xdg-basedir: ^5.1.0
  checksum: 6a705e7ecac461b9016eeb16bc363552370a738a3d4ce87e8e88053a1917c0a14015f37912bb2fa082ec7c5b8b3406d31d1d70eff9d7cf1d3e822d32d86fcdf5
  languageName: node
  linkType: hard

"cspell-trie-lib@npm:8.19.3":
  version: 8.19.3
  resolution: "cspell-trie-lib@npm:8.19.3"
  dependencies:
    "@cspell/cspell-pipe": 8.19.3
    "@cspell/cspell-types": 8.19.3
    gensequence: ^7.0.0
  checksum: 74360ce124a1be8fd92b66ad141e1a8bea33abbb9d0604abcb3c24233a293fe8404d687dafe6c34d5e1442b8d65e044ce83828ea9021527e245a5c4d6465f3cf
  languageName: node
  linkType: hard

"cspell@npm:^8.19.3":
  version: 8.19.3
  resolution: "cspell@npm:8.19.3"
  dependencies:
    "@cspell/cspell-json-reporter": 8.19.3
    "@cspell/cspell-pipe": 8.19.3
    "@cspell/cspell-types": 8.19.3
    "@cspell/dynamic-import": 8.19.3
    "@cspell/url": 8.19.3
    chalk: ^5.4.1
    chalk-template: ^1.1.0
    commander: ^13.1.0
    cspell-dictionary: 8.19.3
    cspell-gitignore: 8.19.3
    cspell-glob: 8.19.3
    cspell-io: 8.19.3
    cspell-lib: 8.19.3
    fast-json-stable-stringify: ^2.1.0
    file-entry-cache: ^9.1.0
    semver: ^7.7.1
    tinyglobby: ^0.2.13
  bin:
    cspell: bin.mjs
    cspell-esm: bin.mjs
  checksum: e6f0503ab71f7f221e6bbe005ad94472a4077ce39d25d388e5e4baeb89e2ab2f2ff6c07b273f4dcd408498e122bb0b703af760efb3af5f2ea9fe0100bf4cd092
  languageName: node
  linkType: hard

"development@workspace:.":
  version: 0.0.0-use.local
  resolution: "development@workspace:."
  dependencies:
    cspell: ^8.19.3
  languageName: unknown
  linkType: soft

"env-paths@npm:^3.0.0":
  version: 3.0.0
  resolution: "env-paths@npm:3.0.0"
  checksum: b2b0a0d0d9931a13d279c22ed94d78648a1cc5f408f05d47ff3e0c1616f0aa0c38fb33deec5e5be50497225d500607d57f9c8652c4d39c2f2b7608cd45768128
  languageName: node
  linkType: hard

"esprima@npm:^4.0.1":
  version: 4.0.1
  resolution: "esprima@npm:4.0.1"
  bin:
    esparse: ./bin/esparse.js
    esvalidate: ./bin/esvalidate.js
  checksum: b45bc805a613dbea2835278c306b91aff6173c8d034223fa81498c77dcbce3b2931bf6006db816f62eacd9fd4ea975dfd85a5b7f3c6402cfd050d4ca3c13a628
  languageName: node
  linkType: hard

"fast-equals@npm:^5.2.2":
  version: 5.2.2
  resolution: "fast-equals@npm:5.2.2"
  checksum: 7156bcade0be5ee4dc335969d255a5815348d57080e1876fa1584451eafd0c92588de5f5840e55f81841b6d907ade2a49a46e4ec33e6f7a283a209c0fd8f8a59
  languageName: node
  linkType: hard

"fast-json-stable-stringify@npm:^2.1.0":
  version: 2.1.0
  resolution: "fast-json-stable-stringify@npm:2.1.0"
  checksum: b191531e36c607977e5b1c47811158733c34ccb3bfde92c44798929e9b4154884378536d26ad90dfecd32e1ffc09c545d23535ad91b3161a27ddbb8ebe0cbecb
  languageName: node
  linkType: hard

"fdir@npm:^6.4.4":
  version: 6.4.4
  resolution: "fdir@npm:6.4.4"
  peerDependencies:
    picomatch: ^3 || ^4
  peerDependenciesMeta:
    picomatch:
      optional: true
  checksum: 79043610236579ffbd0647c508b43bd030a2d034a17c43cf96813a00e8e92e51acdb115c6ddecef3b5812cc2692b976155b4f6413e51e3761f1e772fa019a321
  languageName: node
  linkType: hard

"file-entry-cache@npm:^9.1.0":
  version: 9.1.0
  resolution: "file-entry-cache@npm:9.1.0"
  dependencies:
    flat-cache: ^5.0.0
  checksum: 9f2345505677fa83767c55aa3667c52b62c409bd6f2b5408999d635f1d8cc6ecab868f0a5fdfb2fadf64a0d2e92374c02ddd0c9eaea9651cfbcead56fd640099
  languageName: node
  linkType: hard

"flat-cache@npm:^5.0.0":
  version: 5.0.0
  resolution: "flat-cache@npm:5.0.0"
  dependencies:
    flatted: ^3.3.1
    keyv: ^4.5.4
  checksum: a7d03de79b603f5621009f75d84d2c5cd8fb762911df93c0ed16cd1cd4f7b8d2357d4aaed8806b5943ce71ebcd4fc4998faf061f33879c56c5294b3f5c3698ef
  languageName: node
  linkType: hard

"flatted@npm:^3.3.1":
  version: 3.3.1
  resolution: "flatted@npm:3.3.1"
  checksum: 85ae7181650bb728c221e7644cbc9f4bf28bc556f2fc89bb21266962bdf0ce1029cc7acc44bb646cd469d9baac7c317f64e841c4c4c00516afa97320cdac7f94
  languageName: node
  linkType: hard

"gensequence@npm:^7.0.0":
  version: 7.0.0
  resolution: "gensequence@npm:7.0.0"
  checksum: 85ab3a47c9900e5263713277f7c54f1599d8ee180e0e978c5130bef5eeba04922e7fd1bcdfcf82e72bcab124e475b427b0acdb51b98f0e184cb3c48872fef964
  languageName: node
  linkType: hard

"global-directory@npm:^4.0.1":
  version: 4.0.1
  resolution: "global-directory@npm:4.0.1"
  dependencies:
    ini: 4.1.1
  checksum: 5b4df24438a4e5f21e43fbdd9e54f5e12bb48dce01a0a83b415d8052ce91be2d3a97e0c8f98a535e69649b2190036155e9f0f7d3c62f9318f31bdc3fd4f235f5
  languageName: node
  linkType: hard

"has-own-prop@npm:^2.0.0":
  version: 2.0.0
  resolution: "has-own-prop@npm:2.0.0"
  checksum: ca6336e85ead2295c9603880cbc199e2d3ff7eaea0e9035d68fbc79892e9cf681abc62c0909520f112c671dad9961be2173b21dff951358cc98425c560e789e0
  languageName: node
  linkType: hard

"import-fresh@npm:^3.3.1":
  version: 3.3.1
  resolution: "import-fresh@npm:3.3.1"
  dependencies:
    parent-module: ^1.0.0
    resolve-from: ^4.0.0
  checksum: a06b19461b4879cc654d46f8a6244eb55eb053437afd4cbb6613cad6be203811849ed3e4ea038783092879487299fda24af932b86bdfff67c9055ba3612b8c87
  languageName: node
  linkType: hard

"import-meta-resolve@npm:^4.1.0":
  version: 4.1.0
  resolution: "import-meta-resolve@npm:4.1.0"
  checksum: 6497af27bf3ee384ad4efd4e0ec3facf9a114863f35a7b35f248659f32faa5e1ae07baa74d603069f35734ae3718a78b3f66926f98dc9a62e261e7df37854a62
  languageName: node
  linkType: hard

"ini@npm:4.1.1":
  version: 4.1.1
  resolution: "ini@npm:4.1.1"
  checksum: 0e5909554074fbc31824fa5415b0f604de4a665514c96a897a77bf77353a7ad4743927321270e9d0610a9d510ccd1f3cd77422f7cc80d8f4542dbce75476fb6d
  languageName: node
  linkType: hard

"json-buffer@npm:3.0.1":
  version: 3.0.1
  resolution: "json-buffer@npm:3.0.1"
  checksum: 9026b03edc2847eefa2e37646c579300a1f3a4586cfb62bf857832b60c852042d0d6ae55d1afb8926163fa54c2b01d83ae24705f34990348bdac6273a29d4581
  languageName: node
  linkType: hard

"keyv@npm:^4.5.4":
  version: 4.5.4
  resolution: "keyv@npm:4.5.4"
  dependencies:
    json-buffer: 3.0.1
  checksum: 74a24395b1c34bd44ad5cb2b49140d087553e170625240b86755a6604cd65aa16efdbdeae5cdb17ba1284a0fbb25ad06263755dbc71b8d8b06f74232ce3cdd72
  languageName: node
  linkType: hard

"parent-module@npm:^1.0.0":
  version: 1.0.1
  resolution: "parent-module@npm:1.0.1"
  dependencies:
    callsites: ^3.0.0
  checksum: 6ba8b255145cae9470cf5551eb74be2d22281587af787a2626683a6c20fbb464978784661478dd2a3f1dad74d1e802d403e1b03c1a31fab310259eec8ac560ff
  languageName: node
  linkType: hard

"parent-module@npm:^2.0.0":
  version: 2.0.0
  resolution: "parent-module@npm:2.0.0"
  dependencies:
    callsites: ^3.1.0
  checksum: f131f13d687a938556a01033561fb1b274b39921eb4425c7a691f0d91dcfbe9b19759c2b8d425a3ee7c8a46874e57fa418a690643880c3c7c56827aba12f78dd
  languageName: node
  linkType: hard

"picomatch@npm:^4.0.2":
  version: 4.0.2
  resolution: "picomatch@npm:4.0.2"
  checksum: a7a5188c954f82c6585720e9143297ccd0e35ad8072231608086ca950bee672d51b0ef676254af0788205e59bd4e4deb4e7708769226bed725bf13370a7d1464
  languageName: node
  linkType: hard

"repeat-string@npm:^1.6.1":
  version: 1.6.1
  resolution: "repeat-string@npm:1.6.1"
  checksum: 1b809fc6db97decdc68f5b12c4d1a671c8e3f65ec4a40c238bc5200e44e85bcc52a54f78268ab9c29fcf5fe4f1343e805420056d1f30fa9a9ee4c2d93e3cc6c0
  languageName: node
  linkType: hard

"resolve-from@npm:^4.0.0":
  version: 4.0.0
  resolution: "resolve-from@npm:4.0.0"
  checksum: f4ba0b8494846a5066328ad33ef8ac173801a51739eb4d63408c847da9a2e1c1de1e6cbbf72699211f3d13f8fc1325648b169bd15eb7da35688e30a5fb0e4a7f
  languageName: node
  linkType: hard

"resolve-from@npm:^5.0.0":
  version: 5.0.0
  resolution: "resolve-from@npm:5.0.0"
  checksum: 4ceeb9113e1b1372d0cd969f3468fa042daa1dd9527b1b6bb88acb6ab55d8b9cd65dbf18819f9f9ddf0db804990901dcdaade80a215e7b2c23daae38e64f5bdf
  languageName: node
  linkType: hard

"semver@npm:^7.7.1":
  version: 7.7.1
  resolution: "semver@npm:7.7.1"
  bin:
    semver: bin/semver.js
  checksum: 586b825d36874007c9382d9e1ad8f93888d8670040add24a28e06a910aeebd673a2eb9e3bf169c6679d9245e66efb9057e0852e70d9daa6c27372aab1dda7104
  languageName: node
  linkType: hard

"tinyglobby@npm:^0.2.13":
  version: 0.2.13
  resolution: "tinyglobby@npm:0.2.13"
  dependencies:
    fdir: ^6.4.4
    picomatch: ^4.0.2
  checksum: 3a2e87a2518cb3616057b0aa58be4f17771ae78c6890556516ae1e631f8ce4cfee1ba1dcb62fcc54a64e2bdd6c3104f4f3d021e1a3e3f8fb0875bca380b913e5
  languageName: node
  linkType: hard

"vscode-languageserver-textdocument@npm:^1.0.12":
  version: 1.0.12
  resolution: "vscode-languageserver-textdocument@npm:1.0.12"
  checksum: 49415c8f065860693fdd6cb0f7b8a24470130dc941e887a396b6e6bbae93be132323a644aa1edd7d0eec38a730e05a2d013aebff6bddd30c5af374ef3f4cd9ab
  languageName: node
  linkType: hard

"vscode-uri@npm:^3.1.0":
  version: 3.1.0
  resolution: "vscode-uri@npm:3.1.0"
  checksum: d0f76a22f3d205dd2754d1c2820f55c1c9941c59b3baf1f4ed330fcdc006f2fc8b3c1338dafd6b30448f153173892651afe738a94b2c218ca4072d0e604c8d5e
  languageName: node
  linkType: hard

"xdg-basedir@npm:^5.1.0":
  version: 5.1.0
  resolution: "xdg-basedir@npm:5.1.0"
  checksum: b60e8a2c663ccb1dac77c2d913f3b96de48dafbfa083657171d3d50e10820b8a04bb4edfe9f00808c8c20e5f5355e1927bea9029f03136e29265cb98291e1fea
  languageName: node
  linkType: hard

"yaml@npm:^2.7.1":
  version: 2.7.1
  resolution: "yaml@npm:2.7.1"
  bin:
    yaml: bin.mjs
  checksum: 385f8115ddfafdf8e599813cca8b2bf4e3f6a01b919fff5ae7da277e164df684d7dfe558b4085172094792b5a04786d3c55fa8b74abb0ee029873f031150bb80
  languageName: node
  linkType: hard
