# This file is generated by running "yarn install" inside your project.
# Manual changes might be lost - proceed with caution!

__metadata:
  version: 6
  cacheKey: 8

"@cspell/cspell-bundled-dicts@npm:8.15.2":
  version: 8.15.2
  resolution: "@cspell/cspell-bundled-dicts@npm:8.15.2"
  dependencies:
    "@cspell/dict-ada": ^4.0.5
    "@cspell/dict-aws": ^4.0.7
    "@cspell/dict-bash": ^4.1.8
    "@cspell/dict-companies": ^3.1.7
    "@cspell/dict-cpp": ^5.1.22
    "@cspell/dict-cryptocurrencies": ^5.0.3
    "@cspell/dict-csharp": ^4.0.5
    "@cspell/dict-css": ^4.0.16
    "@cspell/dict-dart": ^2.2.4
    "@cspell/dict-django": ^4.1.3
    "@cspell/dict-docker": ^1.1.10
    "@cspell/dict-dotnet": ^5.0.8
    "@cspell/dict-elixir": ^4.0.6
    "@cspell/dict-en-common-misspellings": ^2.0.7
    "@cspell/dict-en-gb": 1.1.33
    "@cspell/dict-en_us": ^4.3.26
    "@cspell/dict-filetypes": ^3.0.7
    "@cspell/dict-flutter": ^1.0.3
    "@cspell/dict-fonts": ^4.0.3
    "@cspell/dict-fsharp": ^1.0.4
    "@cspell/dict-fullstack": ^3.2.3
    "@cspell/dict-gaming-terms": ^1.0.8
    "@cspell/dict-git": ^3.0.3
    "@cspell/dict-golang": ^6.0.16
    "@cspell/dict-google": ^1.0.4
    "@cspell/dict-haskell": ^4.0.4
    "@cspell/dict-html": ^4.0.9
    "@cspell/dict-html-symbol-entities": ^4.0.3
    "@cspell/dict-java": ^5.0.10
    "@cspell/dict-julia": ^1.0.4
    "@cspell/dict-k8s": ^1.0.9
    "@cspell/dict-latex": ^4.0.3
    "@cspell/dict-lorem-ipsum": ^4.0.3
    "@cspell/dict-lua": ^4.0.6
    "@cspell/dict-makefile": ^1.0.3
    "@cspell/dict-monkeyc": ^1.0.9
    "@cspell/dict-node": ^5.0.4
    "@cspell/dict-npm": ^5.1.8
    "@cspell/dict-php": ^4.0.13
    "@cspell/dict-powershell": ^5.0.13
    "@cspell/dict-public-licenses": ^2.0.11
    "@cspell/dict-python": ^4.2.11
    "@cspell/dict-r": ^2.0.4
    "@cspell/dict-ruby": ^5.0.7
    "@cspell/dict-rust": ^4.0.9
    "@cspell/dict-scala": ^5.0.6
    "@cspell/dict-software-terms": ^4.1.10
    "@cspell/dict-sql": ^2.1.8
    "@cspell/dict-svelte": ^1.0.5
    "@cspell/dict-swift": ^2.0.4
    "@cspell/dict-terraform": ^1.0.5
    "@cspell/dict-typescript": ^3.1.9
    "@cspell/dict-vue": ^3.0.3
  checksum: 6bbe65cc517ada5c608bb91c7ea5749e3767aa13bd5462ed9a21f069590dc1ac983b491273456025503c754c588850c13ece2f78585ed40bc0b749a3036ce9c2
  languageName: node
  linkType: hard

"@cspell/cspell-json-reporter@npm:8.15.2":
  version: 8.15.2
  resolution: "@cspell/cspell-json-reporter@npm:8.15.2"
  dependencies:
    "@cspell/cspell-types": 8.15.2
  checksum: 4b892bccb83cf6096d44a0a457d3ed6a9e6b37a845b2ba97b4b203ad925e808857c610d6dc39118e1461c52dfcecef2f4b25f844b7c8434fcf9b5c9d0aa7d9a2
  languageName: node
  linkType: hard

"@cspell/cspell-pipe@npm:8.15.2":
  version: 8.15.2
  resolution: "@cspell/cspell-pipe@npm:8.15.2"
  checksum: 3a29c0594e3820404942fb81c2f3c46d58ca2ddced6549022900f41f1c1f016aeb6b35ba41cf6b1c9c70d66be6ccd6437fd1c86d593a865a32ede24a27b47de5
  languageName: node
  linkType: hard

"@cspell/cspell-resolver@npm:8.15.2":
  version: 8.15.2
  resolution: "@cspell/cspell-resolver@npm:8.15.2"
  dependencies:
    global-directory: ^4.0.1
  checksum: dcdbabad9f542535f96f333459fdc7d6302cd5bd54ce0e9a46dbd6c4e9ea001d1d4cadaee4584f5a21e98d9ca57872cd959a5089ae785cf0f4e9cba2e4cb30f5
  languageName: node
  linkType: hard

"@cspell/cspell-service-bus@npm:8.15.2":
  version: 8.15.2
  resolution: "@cspell/cspell-service-bus@npm:8.15.2"
  checksum: 2903048b3dfc1057c0b0e75c709ff766d0ebe62430ded0c22c9e2e8c0421f09dd879e13eeda821c35f11de161a21626fcbf4e9d0c38f2798eaa9bcdb3fe6e1dd
  languageName: node
  linkType: hard

"@cspell/cspell-types@npm:8.15.2":
  version: 8.15.2
  resolution: "@cspell/cspell-types@npm:8.15.2"
  checksum: d5b3ab38791a1e285dc93195bdcc5b9964638442213338fdb41427df906f1bbb437c007bb9264d592d51afc9790e930d3c914b26000361e754feed9230b4d623
  languageName: node
  linkType: hard

"@cspell/dict-ada@npm:^4.0.5":
  version: 4.0.5
  resolution: "@cspell/dict-ada@npm:4.0.5"
  checksum: fb522644d31da69cc78f6eee5cda7f8cae8a68e0c7505747eb15ff8e7a1780ee3bf07be86650b1763a9863251dd6ace678e2605676f03a44babce4136a03c06c
  languageName: node
  linkType: hard

"@cspell/dict-aws@npm:^4.0.7":
  version: 4.0.7
  resolution: "@cspell/dict-aws@npm:4.0.7"
  checksum: 17499fbdc9be25a8c0c20655a3b4be50960370bba2f77fe2c80225df46e74c5898b10f9ec2834becbdb3ec194485ccd725376d6312c8dd3b63fda2da48116841
  languageName: node
  linkType: hard

"@cspell/dict-bash@npm:^4.1.8":
  version: 4.1.8
  resolution: "@cspell/dict-bash@npm:4.1.8"
  checksum: 754c91dbf74f01859a790b8690bf92cc7e633e9d40234f8a7185c12356d54b67d86e0a269c1f4aa6ae0d73462371882245395e6442e759d14b51838035b0ada7
  languageName: node
  linkType: hard

"@cspell/dict-companies@npm:^3.1.7":
  version: 3.1.7
  resolution: "@cspell/dict-companies@npm:3.1.7"
  checksum: 83d642c9fb1a0781e60cd241dfdf200183ecee57155084cc72a1490686c1e45e612bad8292535663decf2723b3b903141669630fc7eb2e426f41ab9b67e835a9
  languageName: node
  linkType: hard

"@cspell/dict-cpp@npm:^5.1.22":
  version: 5.1.22
  resolution: "@cspell/dict-cpp@npm:5.1.22"
  checksum: 54fc9fddbebc8526fd69a402455011e9c4b247d5ba117b7722f16c9e6a6ef0e2ddbe4155dce7407ad8ee3f8ffa7c77bf04d5f5e7dd181e0d7a740dbba3f8bf10
  languageName: node
  linkType: hard

"@cspell/dict-cryptocurrencies@npm:^5.0.3":
  version: 5.0.3
  resolution: "@cspell/dict-cryptocurrencies@npm:5.0.3"
  checksum: 00d9e3e7df52c43a3551f047537218d1452e2de45f676a05d6fee0336d0c578eea0e20867e4df1036735ff3fa6485df331d280d064b2f2c339b9c96f0d43a9a2
  languageName: node
  linkType: hard

"@cspell/dict-csharp@npm:^4.0.5":
  version: 4.0.5
  resolution: "@cspell/dict-csharp@npm:4.0.5"
  checksum: ff0fa46889e7a32b636890166ec5ee6957affa1a6657e5f3a037a1a0fa043853e4df6b153f08496d55c13000d9de469be9e6cbbabfee04d74a41e7d6ff8b0726
  languageName: node
  linkType: hard

"@cspell/dict-css@npm:^4.0.16":
  version: 4.0.16
  resolution: "@cspell/dict-css@npm:4.0.16"
  checksum: 11c2c62ec654f54e56df6d52f3cd861aff9ee524d74b0b28ade7b597ced40bff5386a76e037bed830ae7e6f6cd0a72e7523fbf10ee752d0df93782867015a5a1
  languageName: node
  linkType: hard

"@cspell/dict-dart@npm:^2.2.4":
  version: 2.2.4
  resolution: "@cspell/dict-dart@npm:2.2.4"
  checksum: d9e8b12feafafb3bda4f3e27fdec41e46ad08ccff0efbafb33c284310135989730b0ac6616c5c2cf33447da4c1b8970b8d84ce029cbf7bed95aafd75172fbf15
  languageName: node
  linkType: hard

"@cspell/dict-data-science@npm:^2.0.5":
  version: 2.0.5
  resolution: "@cspell/dict-data-science@npm:2.0.5"
  checksum: 4e31a81a273073c54a0bb14b2bb6bba117fabdf07b09f08c46cbf997122022f5c997dcb1317357a24555864539767f5e60e45d960816c8853d0646001a54d5e4
  languageName: node
  linkType: hard

"@cspell/dict-django@npm:^4.1.3":
  version: 4.1.3
  resolution: "@cspell/dict-django@npm:4.1.3"
  checksum: fdc7ecd7a90042ba1170a20115eea25283757b41e19e0a4506909c3e100966b5b227e5f071391b3b8457d586f4f4b5bb2cb9a6b88b94337eef29dc03917b4a6d
  languageName: node
  linkType: hard

"@cspell/dict-docker@npm:^1.1.10":
  version: 1.1.10
  resolution: "@cspell/dict-docker@npm:1.1.10"
  checksum: 2a60783680102371dff96b3cd6287338efe26eca329e990c1270c122fcf1bbb2f888375a8ba7d723b62974c5fd870458a9f325d0754ccf0921849f1466d9d971
  languageName: node
  linkType: hard

"@cspell/dict-dotnet@npm:^5.0.8":
  version: 5.0.8
  resolution: "@cspell/dict-dotnet@npm:5.0.8"
  checksum: 91f55b121f91d825e28ed947835dfed416ee8fc5620d98c18ea1a1b62cb3a143db1a3f22987f967749df5c86624d918a8bdbdd6ea634807be8cc4a9d9e9a3863
  languageName: node
  linkType: hard

"@cspell/dict-elixir@npm:^4.0.6":
  version: 4.0.6
  resolution: "@cspell/dict-elixir@npm:4.0.6"
  checksum: 2bfd8d9ed8d3fcb88693fa51b091161a191a9c64d0591b04aac304571a2e61a57e829aa096e5a694dcfe4f4c9c0f1a265701a322e6fdff27711b17fe5af5508d
  languageName: node
  linkType: hard

"@cspell/dict-en-common-misspellings@npm:^2.0.7":
  version: 2.0.7
  resolution: "@cspell/dict-en-common-misspellings@npm:2.0.7"
  checksum: cb549f1098ec0400171a4f49d508f77fd41a35a1fe3e3aa01e705de91b289032b9d2fef7b1771f5a3ce77b16118356496b760e60969ebab523c8b316149cf587
  languageName: node
  linkType: hard

"@cspell/dict-en-gb@npm:1.1.33":
  version: 1.1.33
  resolution: "@cspell/dict-en-gb@npm:1.1.33"
  checksum: 09a9e7a3ee4cad75c87cc7adf6b5981b3ec52d4e3707e8de2e1a2a55cd5c8539057a7742d9c7035e23eb0aeff80a95b9599696c7192c9b3b9d8f14440fe01938
  languageName: node
  linkType: hard

"@cspell/dict-en_us@npm:^4.3.26":
  version: 4.3.26
  resolution: "@cspell/dict-en_us@npm:4.3.26"
  checksum: 0d707b58f93a6009e76be60d99e75ab81bcc134240152dbe9d4458fa098bfca2525457edebe1bd286121fbc6424415e9f1d389de8f0431054421593be5b0de18
  languageName: node
  linkType: hard

"@cspell/dict-filetypes@npm:^3.0.7":
  version: 3.0.7
  resolution: "@cspell/dict-filetypes@npm:3.0.7"
  checksum: 8acbd25162109e8812a811fc8f942492cbf74c97ec0dd2ce30cd20ff6ff5e429b8062d255dc517749d20ed2a8d5aca64f1cfe5b3f40fc5de3b7608dd61d26a43
  languageName: node
  linkType: hard

"@cspell/dict-flutter@npm:^1.0.3":
  version: 1.0.3
  resolution: "@cspell/dict-flutter@npm:1.0.3"
  checksum: e4136ebc2f470650761b873be6e9ec05ca5409e7fa3f493ec6397438a4d82798c0706c2853f9647f3392b57ac813817d45decdaaf5b660a266a509427bd181f0
  languageName: node
  linkType: hard

"@cspell/dict-fonts@npm:^4.0.3":
  version: 4.0.3
  resolution: "@cspell/dict-fonts@npm:4.0.3"
  checksum: f41186636346e94f8cb77cc654c67c65e7ad35b25e09bd6edc598a1402e4da47b4fc316455120f8558ea8a431b8431fb1798c505c630c17ca09770acf94448a4
  languageName: node
  linkType: hard

"@cspell/dict-fsharp@npm:^1.0.4":
  version: 1.0.4
  resolution: "@cspell/dict-fsharp@npm:1.0.4"
  checksum: b45a4dbe6ada11c739add65fd891f6cddc15c7b56e749d4d2cfed21a8e65844c65cfd208939cccd9e7f4bc9aa7d52eb790f939dda788440f4af7bcd401435ff3
  languageName: node
  linkType: hard

"@cspell/dict-fullstack@npm:^3.2.3":
  version: 3.2.3
  resolution: "@cspell/dict-fullstack@npm:3.2.3"
  checksum: 61274e575f0e2a46dbd8db606e0a031994aa9f482ddd695609b379447cffbe2ff0abf473d40927a3e0b76396bc950084d2099d0e75ef428a39959b4c1db90ce6
  languageName: node
  linkType: hard

"@cspell/dict-gaming-terms@npm:^1.0.8":
  version: 1.0.8
  resolution: "@cspell/dict-gaming-terms@npm:1.0.8"
  checksum: 4e7dff5baf3b04d5ae5b978e9571805d79a0c8ad9a8a25e606bdd1fa3b287d291b52eefaa1bd8764c9897811e1c2dda7e8e3e17d6b84cfe3bdf8ab4c1f882d61
  languageName: node
  linkType: hard

"@cspell/dict-git@npm:^3.0.3":
  version: 3.0.3
  resolution: "@cspell/dict-git@npm:3.0.3"
  checksum: 4bff7e8e61d7877c409be088b9ade37e59f6689d31b1a44b3fa2fa98721900b4c16d707af427e7d464e67562f8d0cef24c5d97d7dbc1ba5349846007f7b8cf9e
  languageName: node
  linkType: hard

"@cspell/dict-golang@npm:^6.0.16":
  version: 6.0.16
  resolution: "@cspell/dict-golang@npm:6.0.16"
  checksum: 725d08a4d0bf7a2d84500c46b78773aabf21a15f726ab336a47f29315d58a715fa03241342f5b38afb38cccbcaa44d12dcd8bd649b874cf6bc81ca96ea9ac763
  languageName: node
  linkType: hard

"@cspell/dict-google@npm:^1.0.4":
  version: 1.0.4
  resolution: "@cspell/dict-google@npm:1.0.4"
  checksum: d6cbd68789d7df0a8ac16c4ad93e1dd6e34b141b52df51ea243367b5f18f18243d0acd570b4b60f687640cb742cf94ea56b0b8bc07ad63e03c5d961e12aff053
  languageName: node
  linkType: hard

"@cspell/dict-haskell@npm:^4.0.4":
  version: 4.0.4
  resolution: "@cspell/dict-haskell@npm:4.0.4"
  checksum: 210205f6d9f5ac8db25f669fe4f22689c5c67b29322eb669d36f9bed59cd425ff5a4870926051766353647f1a8b98fb05d6ca9ad9b5353d5cd0067ac653ee529
  languageName: node
  linkType: hard

"@cspell/dict-html-symbol-entities@npm:^4.0.3":
  version: 4.0.3
  resolution: "@cspell/dict-html-symbol-entities@npm:4.0.3"
  checksum: 0cef821bf2400a3f8b0d3c94eb8c5de531cbf3ed409d95faf5aaa7f272774ab1e6fa0f315c0902cc661d81bf52075f134b7687bec9c9f1184d176517b3781671
  languageName: node
  linkType: hard

"@cspell/dict-html@npm:^4.0.9":
  version: 4.0.9
  resolution: "@cspell/dict-html@npm:4.0.9"
  checksum: 4fb490b6cda01a1087715dd66145b8f00c004df473ce9d32a6d2526af94d5d660445357abcf64c63c43b421d852d6282faba52054d13c294af6467edd1163047
  languageName: node
  linkType: hard

"@cspell/dict-java@npm:^5.0.10":
  version: 5.0.10
  resolution: "@cspell/dict-java@npm:5.0.10"
  checksum: b7c671e44cba4c4f85cda2932930a9648a341a40bcc2c8e9b1325d19fe9af684699d771250c8098ba2f56160360fb6d79ac822fe4d8672583e47523bbaa7398f
  languageName: node
  linkType: hard

"@cspell/dict-julia@npm:^1.0.4":
  version: 1.0.4
  resolution: "@cspell/dict-julia@npm:1.0.4"
  checksum: 1b8da5639f8e187a5c7c0ffd0b6288e3840a57cb53c8f8b29fdc1852c2d357574c599ca875e47d71c7909abfe191fbaf86f599c05092e906b2c6ce0e50c7e60c
  languageName: node
  linkType: hard

"@cspell/dict-k8s@npm:^1.0.9":
  version: 1.0.9
  resolution: "@cspell/dict-k8s@npm:1.0.9"
  checksum: 040f8b2935f267f649cdcd7e4c41b7ba0c660314834c8815e0a6500cfe055a32cd478e3c19c9d9e32abd80ba59e095aa926a98b2f0cc075d665e0028f0b109e5
  languageName: node
  linkType: hard

"@cspell/dict-latex@npm:^4.0.3":
  version: 4.0.3
  resolution: "@cspell/dict-latex@npm:4.0.3"
  checksum: 948f74d411d76dea1180e66576ce6297cf520fe7eea12b6fce46f07844229750917e42c538929d8be62d04e1ff4cbeeb7c770999327f179cfeef68eb373d3586
  languageName: node
  linkType: hard

"@cspell/dict-lorem-ipsum@npm:^4.0.3":
  version: 4.0.3
  resolution: "@cspell/dict-lorem-ipsum@npm:4.0.3"
  checksum: 701a7a3dd92833133671d538e581040ba51022ed658dc19f43cfa9c51e3deaf42f1e50aa52dee945ce5bf375bd9e1253958aaa74a41ed3583680994788cf6939
  languageName: node
  linkType: hard

"@cspell/dict-lua@npm:^4.0.6":
  version: 4.0.6
  resolution: "@cspell/dict-lua@npm:4.0.6"
  checksum: d570ef7c57c4ca3737ad7a2fc94ab35b74e85828ee95a39ed9db539549809d755afb1d359d39800ebbbd53394871d84a6bf079cb28df25cb69d74fe32a96e627
  languageName: node
  linkType: hard

"@cspell/dict-makefile@npm:^1.0.3":
  version: 1.0.3
  resolution: "@cspell/dict-makefile@npm:1.0.3"
  checksum: 6eb38812bd99d23511f1077548704bc4857de82e0f852e707b23789dbfc980b65b4b383431617eb4e0f76372a1e80697a50e21f4980e4d077b50ad52edb6d99c
  languageName: node
  linkType: hard

"@cspell/dict-monkeyc@npm:^1.0.9":
  version: 1.0.9
  resolution: "@cspell/dict-monkeyc@npm:1.0.9"
  checksum: a7e35ac707c313e379080ccc2dce1842f05f49c0321cc2aad9858a3802b67c5c2aef9c395c261c68856e52148bc7422110859dfdb58ceb747afa46433217b045
  languageName: node
  linkType: hard

"@cspell/dict-node@npm:^5.0.4":
  version: 5.0.4
  resolution: "@cspell/dict-node@npm:5.0.4"
  checksum: c75db55d0a298bc1602ff8915af0796232f6be378c79765d5d1518133cd638eb42a7ac10aa0c701d5a378a00cf252e3382e575212d419d9b5e9dd83b92c586e7
  languageName: node
  linkType: hard

"@cspell/dict-npm@npm:^5.1.8":
  version: 5.1.8
  resolution: "@cspell/dict-npm@npm:5.1.8"
  checksum: 1912943de0378a4be55fc79b7d022ff3e9889b8e1cc2789abcd833041a04b2871739685b7cd63d9b19545e1afacdcd9463d03f4dd9163339345b448d1991f57f
  languageName: node
  linkType: hard

"@cspell/dict-php@npm:^4.0.13":
  version: 4.0.13
  resolution: "@cspell/dict-php@npm:4.0.13"
  checksum: 9865bf46c509c728adb733754d427ed4f2f7ffeb4609d8a8c0ab467bc7648699d4240ce90ae85f1acca405e8fa16e04394bf6586cda092e1c04510fbc321cbdb
  languageName: node
  linkType: hard

"@cspell/dict-powershell@npm:^5.0.13":
  version: 5.0.13
  resolution: "@cspell/dict-powershell@npm:5.0.13"
  checksum: 6f351153d9fc4baa9ea5e8c1867408b6879f3326f7863b7f34b1e6b8ee79df1c7a1659f7b8cae57bba2cb7fba1c45f83e341b978fb6db08a4ae2714fd75c3019
  languageName: node
  linkType: hard

"@cspell/dict-public-licenses@npm:^2.0.11":
  version: 2.0.11
  resolution: "@cspell/dict-public-licenses@npm:2.0.11"
  checksum: 6b8741a360abd6eaaf4eb58a20628dfc96b281fc0c2b11c304ee67f328f653977bddcc55bcef3d09a3fb4a12cc92e09c66b61e2b4ef389aaf83b214967d4e4d4
  languageName: node
  linkType: hard

"@cspell/dict-python@npm:^4.2.11":
  version: 4.2.11
  resolution: "@cspell/dict-python@npm:4.2.11"
  dependencies:
    "@cspell/dict-data-science": ^2.0.5
  checksum: 3e2eab2a3751f0b9f2887f930c6a8848b2a132dfdea84e24f7cf6f36604f7655944b281a14540d3ecb38fc42bb8daf77c47cde2014bbcf1a00326450cb2ab16a
  languageName: node
  linkType: hard

"@cspell/dict-r@npm:^2.0.4":
  version: 2.0.4
  resolution: "@cspell/dict-r@npm:2.0.4"
  checksum: 4840051d591fd817913726d38b720405f3cde0cb7f19d4a480e313aa33150fa35b7314e211c16c5aadd65dfc5cadf51a462ffd1349b59743f3d68498fa1a207b
  languageName: node
  linkType: hard

"@cspell/dict-ruby@npm:^5.0.7":
  version: 5.0.7
  resolution: "@cspell/dict-ruby@npm:5.0.7"
  checksum: cdd1a7e15e4fb0e46f731ce13e76c35bea9529b22b80c61ea6f5b09ea9e217fa78de62c67337c9948a179137cf6b7c616a20afb29030134f7a774964419b0307
  languageName: node
  linkType: hard

"@cspell/dict-rust@npm:^4.0.9":
  version: 4.0.9
  resolution: "@cspell/dict-rust@npm:4.0.9"
  checksum: 1421dbdb9e4e8c13ba1d12f1b637cb4d83b152fe21be4b1c878ec3078f2485f5913566573b5a8b54df50e4b6446cc4dcf8cb9b4cddc0bcdbd7fe461be1595c99
  languageName: node
  linkType: hard

"@cspell/dict-scala@npm:^5.0.6":
  version: 5.0.6
  resolution: "@cspell/dict-scala@npm:5.0.6"
  checksum: 6ca19b5d54cb706c4fa59babb425f44c25a5c2961cc8862550c4ed9811b0c5504a4ac924c5e28c59ec7ce22189b786c740bbf6ddf7c8615d492f71678c6d463c
  languageName: node
  linkType: hard

"@cspell/dict-software-terms@npm:^4.1.10":
  version: 4.1.10
  resolution: "@cspell/dict-software-terms@npm:4.1.10"
  checksum: 0a4d20f1b5587cde9efe928008091a59d0edf827e3c09029be2ac081fdf0ab70f268fe0f20633e1efd9719b34d31d004331ff621d5a76dd43bd9a544d7932e74
  languageName: node
  linkType: hard

"@cspell/dict-sql@npm:^2.1.8":
  version: 2.1.8
  resolution: "@cspell/dict-sql@npm:2.1.8"
  checksum: 39be58da739ebedca501a020ebe22d86d3e34a4ebff1054672a3d9155b88da9fd13136fffae209fff8b0f333b3f591c86225d07e8a82ce5189e33c96fac464d8
  languageName: node
  linkType: hard

"@cspell/dict-svelte@npm:^1.0.5":
  version: 1.0.5
  resolution: "@cspell/dict-svelte@npm:1.0.5"
  checksum: 8bc4553b898435f2c40806b08d5eaf13b2055034458a9fc3c4e0f1e63fa7f96c8f85a166c33276780faa89b848eb4c385d4a4262c89abb4cb54c80b8c23ce56b
  languageName: node
  linkType: hard

"@cspell/dict-swift@npm:^2.0.4":
  version: 2.0.4
  resolution: "@cspell/dict-swift@npm:2.0.4"
  checksum: 319ba9b69a0058ff565215f0cd37cba4f6048cf1c83c5d0b4ae73b742d763171ada9eb2fc1407f88bf55c6c33314cd38e273017bdaa458a426bea169ac3e9aa5
  languageName: node
  linkType: hard

"@cspell/dict-terraform@npm:^1.0.5":
  version: 1.0.5
  resolution: "@cspell/dict-terraform@npm:1.0.5"
  checksum: b28ada2bb5e4731d2a5b748a25ba62a6b0d5d880f171879ecc87b8eea375a50f8d68849f6db1511ee21b2a58fbc22a3da62ef8abe7f09f83956bd755725b77ab
  languageName: node
  linkType: hard

"@cspell/dict-typescript@npm:^3.1.9":
  version: 3.1.9
  resolution: "@cspell/dict-typescript@npm:3.1.9"
  checksum: c0d92f0f67db675e18893995456366a2b4326cf7c36d967b57a6dbcaf9b3030d3e80d8b429a2d24bb276c948c57ee776fbf9216c0de5b789bfab3df13eedde0e
  languageName: node
  linkType: hard

"@cspell/dict-vue@npm:^3.0.3":
  version: 3.0.3
  resolution: "@cspell/dict-vue@npm:3.0.3"
  checksum: 20b1b93e6ec178f6e07924f0df4c938b3ee3e72fb9f1572b221ae5f2a6786e0823b2e1080c27c41d1c73a99364e695d26806a619da6fcd17aae572dc3c04c721
  languageName: node
  linkType: hard

"@cspell/dynamic-import@npm:8.15.2":
  version: 8.15.2
  resolution: "@cspell/dynamic-import@npm:8.15.2"
  dependencies:
    import-meta-resolve: ^4.1.0
  checksum: 8df05cfcb8d5e5cce9fbd7a487fd17ea73922027a737d619742ae444f5b9db4678725b4d98a230f18014f830927cdd0e5dec09b41355dd3689cf2827fe9f8be1
  languageName: node
  linkType: hard

"@cspell/filetypes@npm:8.15.2":
  version: 8.15.2
  resolution: "@cspell/filetypes@npm:8.15.2"
  checksum: fa571ad99fb9628620390a0767e84209726b66034d1b6498eab75c3bfb96be918783ffaf196e3fe65d91d119f620f842bbca49ce3a8a33d9c2dd7e0e05db92de
  languageName: node
  linkType: hard

"@cspell/strong-weak-map@npm:8.15.2":
  version: 8.15.2
  resolution: "@cspell/strong-weak-map@npm:8.15.2"
  checksum: ceecf784c28a45deb039716e783fea1fcdcdc5359a2afc13d95b45e476e1c74ba184aef5f8754ed4bdf71d925393a78e17bf7ee8acdcc85d33a50bd9a4f6ca9a
  languageName: node
  linkType: hard

"@cspell/url@npm:8.15.2":
  version: 8.15.2
  resolution: "@cspell/url@npm:8.15.2"
  checksum: af51013c32adfc0bac7762ac99b4c6992311aa4add546123bb683d23f353d91966e398c6b9a48dec7c3b253706b4153f09a77e2d530d14fcc3c65fc58e91231b
  languageName: node
  linkType: hard

"array-timsort@npm:^1.0.3":
  version: 1.0.3
  resolution: "array-timsort@npm:1.0.3"
  checksum: fd4b5b0911214bdc8b5699ed10d309685551b518b3819c611c967cff59b87aee01cf591a10e36a3f14dbff696984bd6682b845f6fdbf1217195e910f241a4f78
  languageName: node
  linkType: hard

"braces@npm:^3.0.3":
  version: 3.0.3
  resolution: "braces@npm:3.0.3"
  dependencies:
    fill-range: ^7.1.1
  checksum: b95aa0b3bd909f6cd1720ffcf031aeaf46154dd88b4da01f9a1d3f7ea866a79eba76a6d01cbc3c422b2ee5cdc39a4f02491058d5df0d7bf6e6a162a832df1f69
  languageName: node
  linkType: hard

"callsites@npm:^3.0.0, callsites@npm:^3.1.0":
  version: 3.1.0
  resolution: "callsites@npm:3.1.0"
  checksum: 072d17b6abb459c2ba96598918b55868af677154bec7e73d222ef95a8fdb9bbf7dae96a8421085cdad8cd190d86653b5b6dc55a4484f2e5b2e27d5e0c3fc15b3
  languageName: node
  linkType: hard

"chalk-template@npm:^1.1.0":
  version: 1.1.0
  resolution: "chalk-template@npm:1.1.0"
  dependencies:
    chalk: ^5.2.0
  checksum: 868aae8d4e7556ad2f35de4e04fe65dbe1ea6c5c80ad783f1c156d0a5c33f444c6814f49cbb68fe348c78e99daf2bcf566b47ad7e13603e4691ca78b2f422824
  languageName: node
  linkType: hard

"chalk@npm:^5.2.0, chalk@npm:^5.3.0":
  version: 5.3.0
  resolution: "chalk@npm:5.3.0"
  checksum: 623922e077b7d1e9dedaea6f8b9e9352921f8ae3afe739132e0e00c275971bdd331268183b2628cf4ab1727c45ea1f28d7e24ac23ce1db1eb653c414ca8a5a80
  languageName: node
  linkType: hard

"clear-module@npm:^4.1.2":
  version: 4.1.2
  resolution: "clear-module@npm:4.1.2"
  dependencies:
    parent-module: ^2.0.0
    resolve-from: ^5.0.0
  checksum: 4931f0c461f5d7b9b79f62c2d1bc31c37f7f1d33b4e95eef7080a83955c0374f4c180f5a96cc4d63bbefc64a9aa5d12b155641109e8e489dfa50fd5820e5101f
  languageName: node
  linkType: hard

"commander@npm:^12.1.0":
  version: 12.1.0
  resolution: "commander@npm:12.1.0"
  checksum: 68e9818b00fc1ed9cdab9eb16905551c2b768a317ae69a5e3c43924c2b20ac9bb65b27e1cab36aeda7b6496376d4da908996ba2c0b5d79463e0fb1e77935d514
  languageName: node
  linkType: hard

"comment-json@npm:^4.2.5":
  version: 4.2.5
  resolution: "comment-json@npm:4.2.5"
  dependencies:
    array-timsort: ^1.0.3
    core-util-is: ^1.0.3
    esprima: ^4.0.1
    has-own-prop: ^2.0.0
    repeat-string: ^1.6.1
  checksum: 6dfc7b83d079595f3fd397af1fe2c48537c0a6fe537f718c4a9e5fbdbb78bb8c2bf0aebc0cc64d14c4807eb030f3e5357235a5adcc366457ab4059256d57f59c
  languageName: node
  linkType: hard

"core-util-is@npm:^1.0.3":
  version: 1.0.3
  resolution: "core-util-is@npm:1.0.3"
  checksum: 9de8597363a8e9b9952491ebe18167e3b36e7707569eed0ebf14f8bba773611376466ae34575bca8cfe3c767890c859c74056084738f09d4e4a6f902b2ad7d99
  languageName: node
  linkType: hard

"cspell-config-lib@npm:8.15.2":
  version: 8.15.2
  resolution: "cspell-config-lib@npm:8.15.2"
  dependencies:
    "@cspell/cspell-types": 8.15.2
    comment-json: ^4.2.5
    yaml: ^2.6.0
  checksum: b57b7dc8bfffb6b39f3e79123185149e60c863a171be5e376aa8b53a5a8d0980dac6fc0dcb9e730f96ba057cd858cd2af9c834b35b25566e9ca7b5e9cddddacd
  languageName: node
  linkType: hard

"cspell-dictionary@npm:8.15.2":
  version: 8.15.2
  resolution: "cspell-dictionary@npm:8.15.2"
  dependencies:
    "@cspell/cspell-pipe": 8.15.2
    "@cspell/cspell-types": 8.15.2
    cspell-trie-lib: 8.15.2
    fast-equals: ^5.0.1
  checksum: d3861e71f0fa40fc4ea252149edb772228c5938648eb91f890e6001f9e9036e1f4999b509b008b654f416320cce9c99cb0a701a339f51610a4313e33f1c543e5
  languageName: node
  linkType: hard

"cspell-gitignore@npm:8.15.2":
  version: 8.15.2
  resolution: "cspell-gitignore@npm:8.15.2"
  dependencies:
    "@cspell/url": 8.15.2
    cspell-glob: 8.15.2
    cspell-io: 8.15.2
    find-up-simple: ^1.0.0
  bin:
    cspell-gitignore: bin.mjs
  checksum: 561142862707f4c3b59da8aeb2f7d5563c74b27452186270dceeef92add15bebda8fe70c4f18362b0f4605afe0973cf32329c7bf3ec73ae967e3fde745887b25
  languageName: node
  linkType: hard

"cspell-glob@npm:8.15.2":
  version: 8.15.2
  resolution: "cspell-glob@npm:8.15.2"
  dependencies:
    "@cspell/url": 8.15.2
    micromatch: ^4.0.8
  checksum: 12f82c7b84efb29f7da12027725939c6e7bf4787f82c609ac531084eb85568d004758eea46dc7b93d2aeaffbc9b2ba90957a79055dbaf7134d5a959b5c0e052f
  languageName: node
  linkType: hard

"cspell-grammar@npm:8.15.2":
  version: 8.15.2
  resolution: "cspell-grammar@npm:8.15.2"
  dependencies:
    "@cspell/cspell-pipe": 8.15.2
    "@cspell/cspell-types": 8.15.2
  bin:
    cspell-grammar: bin.mjs
  checksum: f3c00726830aaa3863a1bd1a0e6a4ef1c3fb451d0196be0d3c931fbbb6019954f6dd674f6f83d08343461edcb5889806aa44f30446bf38f7bad3219f69b9796f
  languageName: node
  linkType: hard

"cspell-io@npm:8.15.2":
  version: 8.15.2
  resolution: "cspell-io@npm:8.15.2"
  dependencies:
    "@cspell/cspell-service-bus": 8.15.2
    "@cspell/url": 8.15.2
  checksum: 87f8fb9873148bf84e1a22212e6793385677df3d6d10ae52cc97ce48382d36a7ff8255f611cd2158c3401d6e68a7970812a06fde32b45bfdd7e784765d25135d
  languageName: node
  linkType: hard

"cspell-lib@npm:8.15.2":
  version: 8.15.2
  resolution: "cspell-lib@npm:8.15.2"
  dependencies:
    "@cspell/cspell-bundled-dicts": 8.15.2
    "@cspell/cspell-pipe": 8.15.2
    "@cspell/cspell-resolver": 8.15.2
    "@cspell/cspell-types": 8.15.2
    "@cspell/dynamic-import": 8.15.2
    "@cspell/filetypes": 8.15.2
    "@cspell/strong-weak-map": 8.15.2
    "@cspell/url": 8.15.2
    clear-module: ^4.1.2
    comment-json: ^4.2.5
    cspell-config-lib: 8.15.2
    cspell-dictionary: 8.15.2
    cspell-glob: 8.15.2
    cspell-grammar: 8.15.2
    cspell-io: 8.15.2
    cspell-trie-lib: 8.15.2
    env-paths: ^3.0.0
    fast-equals: ^5.0.1
    gensequence: ^7.0.0
    import-fresh: ^3.3.0
    resolve-from: ^5.0.0
    vscode-languageserver-textdocument: ^1.0.12
    vscode-uri: ^3.0.8
    xdg-basedir: ^5.1.0
  checksum: eb76edca89c5c58d6b345bc83969e1d85d78a7fe846ab6c1f856108ec9d7d01cf2bf4ce23ad60f41e4e20715dcc685da6466ecfed8d1e0bc6089ec17a1c35bc2
  languageName: node
  linkType: hard

"cspell-trie-lib@npm:8.15.2":
  version: 8.15.2
  resolution: "cspell-trie-lib@npm:8.15.2"
  dependencies:
    "@cspell/cspell-pipe": 8.15.2
    "@cspell/cspell-types": 8.15.2
    gensequence: ^7.0.0
  checksum: 14ac09a997bd403eb17f9ef7791ac839439fa1b398db20aaad51a70f652c1986542d828db01d7619e393592f291d1fe1c6436abad8a1e3f87c9535248297cafe
  languageName: node
  linkType: hard

"cspell@npm:^8.15.2":
  version: 8.15.2
  resolution: "cspell@npm:8.15.2"
  dependencies:
    "@cspell/cspell-json-reporter": 8.15.2
    "@cspell/cspell-pipe": 8.15.2
    "@cspell/cspell-types": 8.15.2
    "@cspell/dynamic-import": 8.15.2
    "@cspell/url": 8.15.2
    chalk: ^5.3.0
    chalk-template: ^1.1.0
    commander: ^12.1.0
    cspell-dictionary: 8.15.2
    cspell-gitignore: 8.15.2
    cspell-glob: 8.15.2
    cspell-io: 8.15.2
    cspell-lib: 8.15.2
    fast-json-stable-stringify: ^2.1.0
    file-entry-cache: ^9.1.0
    get-stdin: ^9.0.0
    semver: ^7.6.3
    tinyglobby: ^0.2.9
  bin:
    cspell: bin.mjs
    cspell-esm: bin.mjs
  checksum: 8d9846635b6577e5132ae663e422c39ba1c848307a699bc1bea1f89308274c4edfbc3559dbe1fa3c87aff583131222738f44edf78a586a72ff64695090352a25
  languageName: node
  linkType: hard

"development@workspace:.":
  version: 0.0.0-use.local
  resolution: "development@workspace:."
  dependencies:
    cspell: ^8.15.2
  languageName: unknown
  linkType: soft

"env-paths@npm:^3.0.0":
  version: 3.0.0
  resolution: "env-paths@npm:3.0.0"
  checksum: b2b0a0d0d9931a13d279c22ed94d78648a1cc5f408f05d47ff3e0c1616f0aa0c38fb33deec5e5be50497225d500607d57f9c8652c4d39c2f2b7608cd45768128
  languageName: node
  linkType: hard

"esprima@npm:^4.0.1":
  version: 4.0.1
  resolution: "esprima@npm:4.0.1"
  bin:
    esparse: ./bin/esparse.js
    esvalidate: ./bin/esvalidate.js
  checksum: b45bc805a613dbea2835278c306b91aff6173c8d034223fa81498c77dcbce3b2931bf6006db816f62eacd9fd4ea975dfd85a5b7f3c6402cfd050d4ca3c13a628
  languageName: node
  linkType: hard

"fast-equals@npm:^5.0.1":
  version: 5.0.1
  resolution: "fast-equals@npm:5.0.1"
  checksum: fbb3b6a74f3a0fa930afac151ff7d01639159b4fddd2678b5d50708e0ba38e9ec14602222d10dadb8398187342692c04fbef5a62b1cfcc7942fe03e754e064bc
  languageName: node
  linkType: hard

"fast-json-stable-stringify@npm:^2.1.0":
  version: 2.1.0
  resolution: "fast-json-stable-stringify@npm:2.1.0"
  checksum: b191531e36c607977e5b1c47811158733c34ccb3bfde92c44798929e9b4154884378536d26ad90dfecd32e1ffc09c545d23535ad91b3161a27ddbb8ebe0cbecb
  languageName: node
  linkType: hard

"fdir@npm:^6.4.0":
  version: 6.4.0
  resolution: "fdir@npm:6.4.0"
  peerDependencies:
    picomatch: ^3 || ^4
  peerDependenciesMeta:
    picomatch:
      optional: true
  checksum: 63b4dc592c662d0c4703ffcae1e3ad15901c0b9f64e742dff1bbc74f58029b1a43f4d05b0ab75503a0b9fc7a616d8a755cd56ea680504b6a1e87249ec79b43f3
  languageName: node
  linkType: hard

"file-entry-cache@npm:^9.1.0":
  version: 9.1.0
  resolution: "file-entry-cache@npm:9.1.0"
  dependencies:
    flat-cache: ^5.0.0
  checksum: 9f2345505677fa83767c55aa3667c52b62c409bd6f2b5408999d635f1d8cc6ecab868f0a5fdfb2fadf64a0d2e92374c02ddd0c9eaea9651cfbcead56fd640099
  languageName: node
  linkType: hard

"fill-range@npm:^7.1.1":
  version: 7.1.1
  resolution: "fill-range@npm:7.1.1"
  dependencies:
    to-regex-range: ^5.0.1
  checksum: b4abfbca3839a3d55e4ae5ec62e131e2e356bf4859ce8480c64c4876100f4df292a63e5bb1618e1d7460282ca2b305653064f01654474aa35c68000980f17798
  languageName: node
  linkType: hard

"find-up-simple@npm:^1.0.0":
  version: 1.0.0
  resolution: "find-up-simple@npm:1.0.0"
  checksum: 91c3d51c1111b5eb4e6e6d71d21438f6571a37a69dc288d4222b98996756e2f472fa5393a4dddb5e1a84929405d87e86f4bdce798ba84ee513b79854960ec140
  languageName: node
  linkType: hard

"flat-cache@npm:^5.0.0":
  version: 5.0.0
  resolution: "flat-cache@npm:5.0.0"
  dependencies:
    flatted: ^3.3.1
    keyv: ^4.5.4
  checksum: a7d03de79b603f5621009f75d84d2c5cd8fb762911df93c0ed16cd1cd4f7b8d2357d4aaed8806b5943ce71ebcd4fc4998faf061f33879c56c5294b3f5c3698ef
  languageName: node
  linkType: hard

"flatted@npm:^3.3.1":
  version: 3.3.1
  resolution: "flatted@npm:3.3.1"
  checksum: 85ae7181650bb728c221e7644cbc9f4bf28bc556f2fc89bb21266962bdf0ce1029cc7acc44bb646cd469d9baac7c317f64e841c4c4c00516afa97320cdac7f94
  languageName: node
  linkType: hard

"gensequence@npm:^7.0.0":
  version: 7.0.0
  resolution: "gensequence@npm:7.0.0"
  checksum: 85ab3a47c9900e5263713277f7c54f1599d8ee180e0e978c5130bef5eeba04922e7fd1bcdfcf82e72bcab124e475b427b0acdb51b98f0e184cb3c48872fef964
  languageName: node
  linkType: hard

"get-stdin@npm:^9.0.0":
  version: 9.0.0
  resolution: "get-stdin@npm:9.0.0"
  checksum: 5972bc34d05932b45512c8e2d67b040f1c1ca8afb95c56cbc480985f2d761b7e37fe90dc8abd22527f062cc5639a6930ff346e9952ae4c11a2d4275869459594
  languageName: node
  linkType: hard

"global-directory@npm:^4.0.1":
  version: 4.0.1
  resolution: "global-directory@npm:4.0.1"
  dependencies:
    ini: 4.1.1
  checksum: 5b4df24438a4e5f21e43fbdd9e54f5e12bb48dce01a0a83b415d8052ce91be2d3a97e0c8f98a535e69649b2190036155e9f0f7d3c62f9318f31bdc3fd4f235f5
  languageName: node
  linkType: hard

"has-own-prop@npm:^2.0.0":
  version: 2.0.0
  resolution: "has-own-prop@npm:2.0.0"
  checksum: ca6336e85ead2295c9603880cbc199e2d3ff7eaea0e9035d68fbc79892e9cf681abc62c0909520f112c671dad9961be2173b21dff951358cc98425c560e789e0
  languageName: node
  linkType: hard

"import-fresh@npm:^3.3.0":
  version: 3.3.0
  resolution: "import-fresh@npm:3.3.0"
  dependencies:
    parent-module: ^1.0.0
    resolve-from: ^4.0.0
  checksum: 2cacfad06e652b1edc50be650f7ec3be08c5e5a6f6d12d035c440a42a8cc028e60a5b99ca08a77ab4d6b1346da7d971915828f33cdab730d3d42f08242d09baa
  languageName: node
  linkType: hard

"import-meta-resolve@npm:^4.1.0":
  version: 4.1.0
  resolution: "import-meta-resolve@npm:4.1.0"
  checksum: 6497af27bf3ee384ad4efd4e0ec3facf9a114863f35a7b35f248659f32faa5e1ae07baa74d603069f35734ae3718a78b3f66926f98dc9a62e261e7df37854a62
  languageName: node
  linkType: hard

"ini@npm:4.1.1":
  version: 4.1.1
  resolution: "ini@npm:4.1.1"
  checksum: 0e5909554074fbc31824fa5415b0f604de4a665514c96a897a77bf77353a7ad4743927321270e9d0610a9d510ccd1f3cd77422f7cc80d8f4542dbce75476fb6d
  languageName: node
  linkType: hard

"is-number@npm:^7.0.0":
  version: 7.0.0
  resolution: "is-number@npm:7.0.0"
  checksum: 456ac6f8e0f3111ed34668a624e45315201dff921e5ac181f8ec24923b99e9f32ca1a194912dc79d539c97d33dba17dc635202ff0b2cf98326f608323276d27a
  languageName: node
  linkType: hard

"json-buffer@npm:3.0.1":
  version: 3.0.1
  resolution: "json-buffer@npm:3.0.1"
  checksum: 9026b03edc2847eefa2e37646c579300a1f3a4586cfb62bf857832b60c852042d0d6ae55d1afb8926163fa54c2b01d83ae24705f34990348bdac6273a29d4581
  languageName: node
  linkType: hard

"keyv@npm:^4.5.4":
  version: 4.5.4
  resolution: "keyv@npm:4.5.4"
  dependencies:
    json-buffer: 3.0.1
  checksum: 74a24395b1c34bd44ad5cb2b49140d087553e170625240b86755a6604cd65aa16efdbdeae5cdb17ba1284a0fbb25ad06263755dbc71b8d8b06f74232ce3cdd72
  languageName: node
  linkType: hard

"micromatch@npm:^4.0.8":
  version: 4.0.8
  resolution: "micromatch@npm:4.0.8"
  dependencies:
    braces: ^3.0.3
    picomatch: ^2.3.1
  checksum: 79920eb634e6f400b464a954fcfa589c4e7c7143209488e44baf627f9affc8b1e306f41f4f0deedde97e69cb725920879462d3e750ab3bd3c1aed675bb3a8966
  languageName: node
  linkType: hard

"parent-module@npm:^1.0.0":
  version: 1.0.1
  resolution: "parent-module@npm:1.0.1"
  dependencies:
    callsites: ^3.0.0
  checksum: 6ba8b255145cae9470cf5551eb74be2d22281587af787a2626683a6c20fbb464978784661478dd2a3f1dad74d1e802d403e1b03c1a31fab310259eec8ac560ff
  languageName: node
  linkType: hard

"parent-module@npm:^2.0.0":
  version: 2.0.0
  resolution: "parent-module@npm:2.0.0"
  dependencies:
    callsites: ^3.1.0
  checksum: f131f13d687a938556a01033561fb1b274b39921eb4425c7a691f0d91dcfbe9b19759c2b8d425a3ee7c8a46874e57fa418a690643880c3c7c56827aba12f78dd
  languageName: node
  linkType: hard

"picomatch@npm:^2.3.1":
  version: 2.3.1
  resolution: "picomatch@npm:2.3.1"
  checksum: 050c865ce81119c4822c45d3c84f1ced46f93a0126febae20737bd05ca20589c564d6e9226977df859ed5e03dc73f02584a2b0faad36e896936238238b0446cf
  languageName: node
  linkType: hard

"picomatch@npm:^4.0.2":
  version: 4.0.2
  resolution: "picomatch@npm:4.0.2"
  checksum: a7a5188c954f82c6585720e9143297ccd0e35ad8072231608086ca950bee672d51b0ef676254af0788205e59bd4e4deb4e7708769226bed725bf13370a7d1464
  languageName: node
  linkType: hard

"repeat-string@npm:^1.6.1":
  version: 1.6.1
  resolution: "repeat-string@npm:1.6.1"
  checksum: 1b809fc6db97decdc68f5b12c4d1a671c8e3f65ec4a40c238bc5200e44e85bcc52a54f78268ab9c29fcf5fe4f1343e805420056d1f30fa9a9ee4c2d93e3cc6c0
  languageName: node
  linkType: hard

"resolve-from@npm:^4.0.0":
  version: 4.0.0
  resolution: "resolve-from@npm:4.0.0"
  checksum: f4ba0b8494846a5066328ad33ef8ac173801a51739eb4d63408c847da9a2e1c1de1e6cbbf72699211f3d13f8fc1325648b169bd15eb7da35688e30a5fb0e4a7f
  languageName: node
  linkType: hard

"resolve-from@npm:^5.0.0":
  version: 5.0.0
  resolution: "resolve-from@npm:5.0.0"
  checksum: 4ceeb9113e1b1372d0cd969f3468fa042daa1dd9527b1b6bb88acb6ab55d8b9cd65dbf18819f9f9ddf0db804990901dcdaade80a215e7b2c23daae38e64f5bdf
  languageName: node
  linkType: hard

"semver@npm:^7.6.3":
  version: 7.6.3
  resolution: "semver@npm:7.6.3"
  bin:
    semver: bin/semver.js
  checksum: 4110ec5d015c9438f322257b1c51fe30276e5f766a3f64c09edd1d7ea7118ecbc3f379f3b69032bacf13116dc7abc4ad8ce0d7e2bd642e26b0d271b56b61a7d8
  languageName: node
  linkType: hard

"tinyglobby@npm:^0.2.9":
  version: 0.2.9
  resolution: "tinyglobby@npm:0.2.9"
  dependencies:
    fdir: ^6.4.0
    picomatch: ^4.0.2
  checksum: 6fa652880c963324dbb66ee39ae9e8d809bec8d9ac4f100ee420d31df12b3d1c4bb438684ac8ade040a6916131511495db2cf3259bb067cd0af27ba1552d5efc
  languageName: node
  linkType: hard

"to-regex-range@npm:^5.0.1":
  version: 5.0.1
  resolution: "to-regex-range@npm:5.0.1"
  dependencies:
    is-number: ^7.0.0
  checksum: f76fa01b3d5be85db6a2a143e24df9f60dd047d151062d0ba3df62953f2f697b16fe5dad9b0ac6191c7efc7b1d9dcaa4b768174b7b29da89d4428e64bc0a20ed
  languageName: node
  linkType: hard

"vscode-languageserver-textdocument@npm:^1.0.12":
  version: 1.0.12
  resolution: "vscode-languageserver-textdocument@npm:1.0.12"
  checksum: 49415c8f065860693fdd6cb0f7b8a24470130dc941e887a396b6e6bbae93be132323a644aa1edd7d0eec38a730e05a2d013aebff6bddd30c5af374ef3f4cd9ab
  languageName: node
  linkType: hard

"vscode-uri@npm:^3.0.8":
  version: 3.0.8
  resolution: "vscode-uri@npm:3.0.8"
  checksum: 514249126850c0a41a7d8c3c2836cab35983b9dc1938b903cfa253b9e33974c1416d62a00111385adcfa2b98df456437ab704f709a2ecca76a90134ef5eb4832
  languageName: node
  linkType: hard

"xdg-basedir@npm:^5.1.0":
  version: 5.1.0
  resolution: "xdg-basedir@npm:5.1.0"
  checksum: b60e8a2c663ccb1dac77c2d913f3b96de48dafbfa083657171d3d50e10820b8a04bb4edfe9f00808c8c20e5f5355e1927bea9029f03136e29265cb98291e1fea
  languageName: node
  linkType: hard

"yaml@npm:^2.6.0":
  version: 2.6.0
  resolution: "yaml@npm:2.6.0"
  bin:
    yaml: bin.mjs
  checksum: e5e74fd75e01bde2c09333d529af9fbb5928c5f7f01bfdefdcb2bf753d4ef489a45cab4deac01c9448f55ca27e691612b81fe3c3a59bb8cb5b0069da0f92cf0b
  languageName: node
  linkType: hard
