# This file is generated by running "yarn install" inside your project.
# Manual changes might be lost - proceed with caution!

__metadata:
  version: 6
  cacheKey: 8

"@cspell/cspell-bundled-dicts@npm:8.17.3":
  version: 8.17.3
  resolution: "@cspell/cspell-bundled-dicts@npm:8.17.3"
  dependencies:
    "@cspell/dict-ada": ^4.1.0
    "@cspell/dict-al": ^1.1.0
    "@cspell/dict-aws": ^4.0.9
    "@cspell/dict-bash": ^4.2.0
    "@cspell/dict-companies": ^3.1.13
    "@cspell/dict-cpp": ^6.0.3
    "@cspell/dict-cryptocurrencies": ^5.0.4
    "@cspell/dict-csharp": ^4.0.6
    "@cspell/dict-css": ^4.0.17
    "@cspell/dict-dart": ^2.3.0
    "@cspell/dict-data-science": ^2.0.7
    "@cspell/dict-django": ^4.1.4
    "@cspell/dict-docker": ^1.1.12
    "@cspell/dict-dotnet": ^5.0.9
    "@cspell/dict-elixir": ^4.0.7
    "@cspell/dict-en-common-misspellings": ^2.0.9
    "@cspell/dict-en-gb": 1.1.33
    "@cspell/dict-en_us": ^4.3.30
    "@cspell/dict-filetypes": ^3.0.10
    "@cspell/dict-flutter": ^1.1.0
    "@cspell/dict-fonts": ^4.0.4
    "@cspell/dict-fsharp": ^1.1.0
    "@cspell/dict-fullstack": ^3.2.3
    "@cspell/dict-gaming-terms": ^1.1.0
    "@cspell/dict-git": ^3.0.4
    "@cspell/dict-golang": ^6.0.18
    "@cspell/dict-google": ^1.0.8
    "@cspell/dict-haskell": ^4.0.5
    "@cspell/dict-html": ^4.0.11
    "@cspell/dict-html-symbol-entities": ^4.0.3
    "@cspell/dict-java": ^5.0.11
    "@cspell/dict-julia": ^1.1.0
    "@cspell/dict-k8s": ^1.0.10
    "@cspell/dict-kotlin": ^1.1.0
    "@cspell/dict-latex": ^4.0.3
    "@cspell/dict-lorem-ipsum": ^4.0.4
    "@cspell/dict-lua": ^4.0.7
    "@cspell/dict-makefile": ^1.0.4
    "@cspell/dict-markdown": ^2.0.9
    "@cspell/dict-monkeyc": ^1.0.10
    "@cspell/dict-node": ^5.0.6
    "@cspell/dict-npm": ^5.1.24
    "@cspell/dict-php": ^4.0.14
    "@cspell/dict-powershell": ^5.0.14
    "@cspell/dict-public-licenses": ^2.0.13
    "@cspell/dict-python": ^4.2.15
    "@cspell/dict-r": ^2.1.0
    "@cspell/dict-ruby": ^5.0.7
    "@cspell/dict-rust": ^4.0.11
    "@cspell/dict-scala": ^5.0.7
    "@cspell/dict-shell": ^1.1.0
    "@cspell/dict-software-terms": ^4.2.4
    "@cspell/dict-sql": ^2.2.0
    "@cspell/dict-svelte": ^1.0.6
    "@cspell/dict-swift": ^2.0.5
    "@cspell/dict-terraform": ^1.1.0
    "@cspell/dict-typescript": ^3.2.0
    "@cspell/dict-vue": ^3.0.4
  checksum: afa7a70a1f5bb7fcfa19a86b7cce1b454f493592df0e22130be331b41bebc018c22b24369db87bdf4733e05662dde1cb61a598d39268945ff82ecd4e6754ac44
  languageName: node
  linkType: hard

"@cspell/cspell-json-reporter@npm:8.17.3":
  version: 8.17.3
  resolution: "@cspell/cspell-json-reporter@npm:8.17.3"
  dependencies:
    "@cspell/cspell-types": 8.17.3
  checksum: ba3ef1d4fadad9256eaab5c0753c630b212661c9bf16baad0326149febda6a8b4a6c38b8b3e8ac3b9b01d1ee343b26fa23e87050bc70b473157506cf1e48cf71
  languageName: node
  linkType: hard

"@cspell/cspell-pipe@npm:8.17.3":
  version: 8.17.3
  resolution: "@cspell/cspell-pipe@npm:8.17.3"
  checksum: 7409eb0f2b2c3786cdd57e09f502b3539e46a69c0870eee5d41e9f2944efffd93ac13f4a32ddfc63b9b1521a2a70f12ef69c3557757e2050a354fb97f3da7087
  languageName: node
  linkType: hard

"@cspell/cspell-resolver@npm:8.17.3":
  version: 8.17.3
  resolution: "@cspell/cspell-resolver@npm:8.17.3"
  dependencies:
    global-directory: ^4.0.1
  checksum: 9e19c2690cebde7079719e6149abb3ef95ab0a3978ad1339700f19f4bc0755764c7b8fac1a224bf0097dd754b6227b44d9639ee1ce972063b11dbe0c767db416
  languageName: node
  linkType: hard

"@cspell/cspell-service-bus@npm:8.17.3":
  version: 8.17.3
  resolution: "@cspell/cspell-service-bus@npm:8.17.3"
  checksum: 147ea61ed2b1ab385e344e92bb3c031f3974f8ed2a66b75afee375e1a5ba696997011fac66afb24d88652689288e76383d217aac69bb2b24a2362a0d53917ab0
  languageName: node
  linkType: hard

"@cspell/cspell-types@npm:8.17.3":
  version: 8.17.3
  resolution: "@cspell/cspell-types@npm:8.17.3"
  checksum: 6f4368d3a9ab11c421ff449eceb44096fbb4482b05c48feb4bed1d179ae7ba76abe174fbe99bd330fe1730b77ad8c96d7203a65832f0a739c5cd9af20cd2c61a
  languageName: node
  linkType: hard

"@cspell/dict-ada@npm:^4.1.0":
  version: 4.1.0
  resolution: "@cspell/dict-ada@npm:4.1.0"
  checksum: 9e961e7e38b77a8abdb5df82b96e5e4619aedb662b22d971d4808252a1da7ef041c5e4e75ecc72ac9da9f36de8f461495a1f6dbeb751e903efa3626d571a0ddb
  languageName: node
  linkType: hard

"@cspell/dict-al@npm:^1.1.0":
  version: 1.1.0
  resolution: "@cspell/dict-al@npm:1.1.0"
  checksum: 219961cd60c91d43e20f6384df3d2d6b7b208fc6e9a34316e08826fe2ffd9890905d2a3b3fdbea28990989f22f1ddf094b3c635781089d9a04ee2d2b4023457d
  languageName: node
  linkType: hard

"@cspell/dict-aws@npm:^4.0.9":
  version: 4.0.9
  resolution: "@cspell/dict-aws@npm:4.0.9"
  checksum: e086a18a7189d0e4db5b3d3fba2cbd99d756707e7da2ccd89728bceb93d89ded5a23190c3aba293ce9b96cb679982966b6b9922996f3806d8d53f5aa41e455b0
  languageName: node
  linkType: hard

"@cspell/dict-bash@npm:^4.2.0":
  version: 4.2.0
  resolution: "@cspell/dict-bash@npm:4.2.0"
  dependencies:
    "@cspell/dict-shell": 1.1.0
  checksum: 2a87ebb5f0b1140ceeab0991411ebfe03a05cebb296d30812a3e9f78cf0a56622484fbda5212d5811e59f1b1ca4dacae77341c1f3c0c5fc2efdb19393fddd766
  languageName: node
  linkType: hard

"@cspell/dict-companies@npm:^3.1.13":
  version: 3.1.13
  resolution: "@cspell/dict-companies@npm:3.1.13"
  checksum: 4271d340ebf906ee4e69400ff9479b0a4b388fef61188c6ba45f713134415d8713cfea5bdc8118ebd42afece93350e49e595e3137b27a5631918eae7045c4bc0
  languageName: node
  linkType: hard

"@cspell/dict-cpp@npm:^6.0.3":
  version: 6.0.3
  resolution: "@cspell/dict-cpp@npm:6.0.3"
  checksum: 6f8a6bd0b2384fe9c83f166bc4e36d2937f204d95d2cf0e0e655ff0c26e3a166c78b529805de4eacf69dc0f89ffbc552b4e099b25db9811be086e38a79f07803
  languageName: node
  linkType: hard

"@cspell/dict-cryptocurrencies@npm:^5.0.4":
  version: 5.0.4
  resolution: "@cspell/dict-cryptocurrencies@npm:5.0.4"
  checksum: 54229c432f70320aa060c5c101a242e64f40f1f5b8404d1e2a5afc867e2f1cb862e1d84b3383c4bdfa3768302cca49f51bf8ea78c5509113b4a1e18ff00abfae
  languageName: node
  linkType: hard

"@cspell/dict-csharp@npm:^4.0.6":
  version: 4.0.6
  resolution: "@cspell/dict-csharp@npm:4.0.6"
  checksum: b86a3c0da979bbc9e0de9d4e9a83158190ac4bd454534ace3d2e48e4162eb1915e1f2f70e017e6df25eb3c017053d745897ad46a3c8d1357fdb4a2723e545154
  languageName: node
  linkType: hard

"@cspell/dict-css@npm:^4.0.17":
  version: 4.0.17
  resolution: "@cspell/dict-css@npm:4.0.17"
  checksum: 5ace777f44962b3a155a5194c17cfc81f79701d7e52fa626064902d33821f1f15e277a779355c08153aa7b8118178d96d6b004349492e630b94264070549492d
  languageName: node
  linkType: hard

"@cspell/dict-dart@npm:^2.3.0":
  version: 2.3.0
  resolution: "@cspell/dict-dart@npm:2.3.0"
  checksum: 9ae3c33585959bcdf2886bd2cbf81a05d36872d8d3a7bdfa72ab3c97549735abf9b82e1aa47c3590953a4621c0250b04fb1330b23d8030a1ae86ac3a6d68b26f
  languageName: node
  linkType: hard

"@cspell/dict-data-science@npm:^2.0.7":
  version: 2.0.7
  resolution: "@cspell/dict-data-science@npm:2.0.7"
  checksum: dce46d2a5eeb84d1d4dc803a0dc5556d8c4dee243d7091a89aea941f3255f4d0bbbdaa527fee0687aba1266b2896ed536e6a1a8a26823c9cc9bc0938a4f3fe0d
  languageName: node
  linkType: hard

"@cspell/dict-django@npm:^4.1.4":
  version: 4.1.4
  resolution: "@cspell/dict-django@npm:4.1.4"
  checksum: 70dca29f5dc7a774a4a64bc1ce70c677108cde6364520b58fab8ff0fb944632b024d5904339063a08a879a1b396b98d7e6a46ead18bf901b35651199ea0bbfe3
  languageName: node
  linkType: hard

"@cspell/dict-docker@npm:^1.1.12":
  version: 1.1.12
  resolution: "@cspell/dict-docker@npm:1.1.12"
  checksum: 835663692c61788a5f22c343a27c49dabf5aa92eae13a34dc70ae80e075ab0eade350bbc370ede58763d2e67632504a8b994a663391394a31cda93f46b28e06d
  languageName: node
  linkType: hard

"@cspell/dict-dotnet@npm:^5.0.9":
  version: 5.0.9
  resolution: "@cspell/dict-dotnet@npm:5.0.9"
  checksum: 2fefb4593b2621cdf5bc3413aa364b788abc6a3693e629833d74c230a4fa7b7b2dd5c4245165231aedf59f75db29b081ecf15beb5a96c18242042298411ffcac
  languageName: node
  linkType: hard

"@cspell/dict-elixir@npm:^4.0.7":
  version: 4.0.7
  resolution: "@cspell/dict-elixir@npm:4.0.7"
  checksum: c4b717617603eb6b0b9d3d785f4917b34d187fe1f97e4a65147907da440df2b0a878f6382b621914e3a40336d613d24f011fa17c32aab31ad7183e0f065d8721
  languageName: node
  linkType: hard

"@cspell/dict-en-common-misspellings@npm:^2.0.9":
  version: 2.0.9
  resolution: "@cspell/dict-en-common-misspellings@npm:2.0.9"
  checksum: 717d163deb84e94e465b9027ce2469c4245b67a2537e7cbdc7b53d90fb9067588ea4a1f568d46c9cdc485ca910aa957a796e7b8665ddaf756f4a0e4b61c48966
  languageName: node
  linkType: hard

"@cspell/dict-en-gb@npm:1.1.33":
  version: 1.1.33
  resolution: "@cspell/dict-en-gb@npm:1.1.33"
  checksum: 09a9e7a3ee4cad75c87cc7adf6b5981b3ec52d4e3707e8de2e1a2a55cd5c8539057a7742d9c7035e23eb0aeff80a95b9599696c7192c9b3b9d8f14440fe01938
  languageName: node
  linkType: hard

"@cspell/dict-en_us@npm:^4.3.30":
  version: 4.3.30
  resolution: "@cspell/dict-en_us@npm:4.3.30"
  checksum: 3486af69215795e5a5539d0aa92a4980289ffa696965f830f09b3aad0f3fcfcba402274299b820e5c15dbd54dbf0db1907cecb38e1fb5771b55e75bd289176fe
  languageName: node
  linkType: hard

"@cspell/dict-filetypes@npm:^3.0.10":
  version: 3.0.10
  resolution: "@cspell/dict-filetypes@npm:3.0.10"
  checksum: b080bc9513b0272a54aea089fd555b261fa78003aff7337311f8a54476832f62046323381f8d10f5ef67856f9a955fbd4c55bb2349c738f80b0fc14b3e0ba654
  languageName: node
  linkType: hard

"@cspell/dict-flutter@npm:^1.1.0":
  version: 1.1.0
  resolution: "@cspell/dict-flutter@npm:1.1.0"
  checksum: b8944d7c91b8617727dcca2191e2bdea4e97a3c2e76e6b8e015805f31dac99040da8ef74035c917c77646dfb19f1efe916d51e5171c54209850daf4be0db046c
  languageName: node
  linkType: hard

"@cspell/dict-fonts@npm:^4.0.4":
  version: 4.0.4
  resolution: "@cspell/dict-fonts@npm:4.0.4"
  checksum: a339339f80c40256d53a7ca4c85f58e31b8d32c9dc2b25564f45c11e258da2435933e00b52066ee8543ff3e12469d8e2ab6a3d7b1684850c2f1c4c58d9d9a239
  languageName: node
  linkType: hard

"@cspell/dict-fsharp@npm:^1.1.0":
  version: 1.1.0
  resolution: "@cspell/dict-fsharp@npm:1.1.0"
  checksum: 2f667bc9ef55034a603147404f9e55a29b68210acd84938695404d12ede34a060202d109a8c2deada5c863b75b8b5946c2f74e583be18c2e9727423563d914db
  languageName: node
  linkType: hard

"@cspell/dict-fullstack@npm:^3.2.3":
  version: 3.2.3
  resolution: "@cspell/dict-fullstack@npm:3.2.3"
  checksum: 61274e575f0e2a46dbd8db606e0a031994aa9f482ddd695609b379447cffbe2ff0abf473d40927a3e0b76396bc950084d2099d0e75ef428a39959b4c1db90ce6
  languageName: node
  linkType: hard

"@cspell/dict-gaming-terms@npm:^1.1.0":
  version: 1.1.0
  resolution: "@cspell/dict-gaming-terms@npm:1.1.0"
  checksum: 4e66a43a382a15d5de772bb45c04a91316f2a47979df95845b4cfe4907284e753ad8cda38a27ea42b8d00ddd40d5d33d40429f8eabbdd9b37bc9c0b3b33f7907
  languageName: node
  linkType: hard

"@cspell/dict-git@npm:^3.0.4":
  version: 3.0.4
  resolution: "@cspell/dict-git@npm:3.0.4"
  checksum: 23519344e5873acbae47fbc60b3cbdf60ff350ea1dc09518f5b66605cd7409d854cd692127243e9d6912503cd644307e9c7ccbb0730becd9871fa52ce0f7c3b6
  languageName: node
  linkType: hard

"@cspell/dict-golang@npm:^6.0.18":
  version: 6.0.18
  resolution: "@cspell/dict-golang@npm:6.0.18"
  checksum: 07c6d0189f204a0afbbd45aaa31022b6c3dd1310cf487d5ec8a0f75edc304ba93946e974ca54f6f09a197355597453c7d53d6aab010980f7d2f235354885098c
  languageName: node
  linkType: hard

"@cspell/dict-google@npm:^1.0.8":
  version: 1.0.8
  resolution: "@cspell/dict-google@npm:1.0.8"
  checksum: ca6def5dd777e9a23e0236c134abbe800e6d1df3721512147ca30516bc097d6b7ddbe0e9f351c1cf85b4ca11ab7148686cc20c3f24e9f82984dc98e698a13401
  languageName: node
  linkType: hard

"@cspell/dict-haskell@npm:^4.0.5":
  version: 4.0.5
  resolution: "@cspell/dict-haskell@npm:4.0.5"
  checksum: 4f663d904c17f760e10f457669665e2a4c205ef27389e82e61b4017c1bfd1e446db7401ee5fcca74a9441135ae17130e8f92601bdd6b0837850f0636ea170088
  languageName: node
  linkType: hard

"@cspell/dict-html-symbol-entities@npm:^4.0.3":
  version: 4.0.3
  resolution: "@cspell/dict-html-symbol-entities@npm:4.0.3"
  checksum: 0cef821bf2400a3f8b0d3c94eb8c5de531cbf3ed409d95faf5aaa7f272774ab1e6fa0f315c0902cc661d81bf52075f134b7687bec9c9f1184d176517b3781671
  languageName: node
  linkType: hard

"@cspell/dict-html@npm:^4.0.11":
  version: 4.0.11
  resolution: "@cspell/dict-html@npm:4.0.11"
  checksum: b3e5b17c3e3d014b79c324fbe297ed24043695c6defe2d9359d3fde2430b035e916c107b63c8b76ba579a61045b0cd5fe2e856288b70d9b5f5db955a91ce55ea
  languageName: node
  linkType: hard

"@cspell/dict-java@npm:^5.0.11":
  version: 5.0.11
  resolution: "@cspell/dict-java@npm:5.0.11"
  checksum: 0fa2f3ae5c9e9d61c38d550cc55c933f6e75ef4a340c9fcc39ce99ce0844121dc2cdc8436f4e53707eb7aff6a43693766e47d6aa127800bf986c5de143e8bb30
  languageName: node
  linkType: hard

"@cspell/dict-julia@npm:^1.1.0":
  version: 1.1.0
  resolution: "@cspell/dict-julia@npm:1.1.0"
  checksum: 2a978c8ffdd98339c45ed666818a65a367f4af3190fa7ea807a37f55bc8a9b41b19d707b6e7b438f58faaa4e29444f871a1c8df5af546f77303ba7fc2d0f4d78
  languageName: node
  linkType: hard

"@cspell/dict-k8s@npm:^1.0.10":
  version: 1.0.10
  resolution: "@cspell/dict-k8s@npm:1.0.10"
  checksum: 7cc4eb5f9de33b956ab8203a020cd3322d9107b1732069afc77a54ceb3c7fcfc9ea9de4cc28ac14670f36d78278afd749292e64f2642a2d96f7cea11eea0ffa7
  languageName: node
  linkType: hard

"@cspell/dict-kotlin@npm:^1.1.0":
  version: 1.1.0
  resolution: "@cspell/dict-kotlin@npm:1.1.0"
  checksum: 6127b64037e9c4f0be49fd9be3435c999361001cf52dcf6f47f0467add55df4ca95c0a0056b4bfdcdd1363132892087a30475a664e2176bc487311346a22474e
  languageName: node
  linkType: hard

"@cspell/dict-latex@npm:^4.0.3":
  version: 4.0.3
  resolution: "@cspell/dict-latex@npm:4.0.3"
  checksum: 948f74d411d76dea1180e66576ce6297cf520fe7eea12b6fce46f07844229750917e42c538929d8be62d04e1ff4cbeeb7c770999327f179cfeef68eb373d3586
  languageName: node
  linkType: hard

"@cspell/dict-lorem-ipsum@npm:^4.0.4":
  version: 4.0.4
  resolution: "@cspell/dict-lorem-ipsum@npm:4.0.4"
  checksum: f75cca35d89aa407a21875b2c58b5c959c0a06aed1aaea4a8b91a7e42e3d83ae1604a735e184cc7b4b3c294189013be5f46888ee46526284f99b21da391a8ef6
  languageName: node
  linkType: hard

"@cspell/dict-lua@npm:^4.0.7":
  version: 4.0.7
  resolution: "@cspell/dict-lua@npm:4.0.7"
  checksum: ef1ad0f059f5e2c99e6741633c75ed59640bd4c3b421c8c7af124facafc9c4ecb578e1bfe2a180d63e0063c508dec31db2615a864744c2737ed0d47fa4daaaad
  languageName: node
  linkType: hard

"@cspell/dict-makefile@npm:^1.0.4":
  version: 1.0.4
  resolution: "@cspell/dict-makefile@npm:1.0.4"
  checksum: 1aece9d61e21aabaad8cd8048f7647739d6a48ab532b4637b72b53d4360dc6780dc4be35a14de541a3dd05b076efd9f106af83fa0e7ca3ae149c86143a72b96b
  languageName: node
  linkType: hard

"@cspell/dict-markdown@npm:^2.0.9":
  version: 2.0.9
  resolution: "@cspell/dict-markdown@npm:2.0.9"
  peerDependencies:
    "@cspell/dict-css": ^4.0.17
    "@cspell/dict-html": ^4.0.11
    "@cspell/dict-html-symbol-entities": ^4.0.3
    "@cspell/dict-typescript": ^3.2.0
  checksum: 1709c02c103c733e5a7beab0988308b0c23e5dd76c7491d0ddc9f9493ec251ff2627c675ee5dbb75d49f6a2ce1b3ad34984e4bcdcf4bf6edc167a77b499eeec3
  languageName: node
  linkType: hard

"@cspell/dict-monkeyc@npm:^1.0.10":
  version: 1.0.10
  resolution: "@cspell/dict-monkeyc@npm:1.0.10"
  checksum: 670443bfc5be5d69a5b4bc22330191f586bbfd29220c00d69473eea4f2c0c94321b42d83c74e98fde6fc0fe4e933425dcffa2941b62111326b50effd101fb2d7
  languageName: node
  linkType: hard

"@cspell/dict-node@npm:^5.0.6":
  version: 5.0.6
  resolution: "@cspell/dict-node@npm:5.0.6"
  checksum: bd419626e220137a21d9d0895d54462ffee9b706ba1ea3f3e9884e647c560e954fd41975d34ff1508fa0e5ca5335c91b3aaa74c72c88f31005ca014bb1a545a7
  languageName: node
  linkType: hard

"@cspell/dict-npm@npm:^5.1.24":
  version: 5.1.24
  resolution: "@cspell/dict-npm@npm:5.1.24"
  checksum: 4bf06fea799317bda2d2e4fd2b9e700e37dcaf2c778dc6ad0a27e1bd8c908ec48e157ebd108bfab9e06c47d7e621f7d7ee311c53b2c0d0ff7be51f53377dbc11
  languageName: node
  linkType: hard

"@cspell/dict-php@npm:^4.0.14":
  version: 4.0.14
  resolution: "@cspell/dict-php@npm:4.0.14"
  checksum: b079e928c00e187cd1ac242ab3ff88a09d12f726ee590d01205c829c417c1c6803e3453ce3174546c25e66aef8c4512e46b3ea55a1f907e684f9a5488a454204
  languageName: node
  linkType: hard

"@cspell/dict-powershell@npm:^5.0.14":
  version: 5.0.14
  resolution: "@cspell/dict-powershell@npm:5.0.14"
  checksum: 7d527250933e8597ee2b694e70d7abf094b3ba5a2058b37934423cb2cb13384f7d79ca660ff723bea2c80390d5a30948e065369bfd2de1cc4281172b703d711f
  languageName: node
  linkType: hard

"@cspell/dict-public-licenses@npm:^2.0.13":
  version: 2.0.13
  resolution: "@cspell/dict-public-licenses@npm:2.0.13"
  checksum: f3aee5da76fca275c139a4a08b46cbfcb41e14cfb2c0933e413b2b3ef116f0421b34f8bd478d6fae69b199ea19ab3f46353c9aae4231492169fdf09823bcba32
  languageName: node
  linkType: hard

"@cspell/dict-python@npm:^4.2.15":
  version: 4.2.15
  resolution: "@cspell/dict-python@npm:4.2.15"
  dependencies:
    "@cspell/dict-data-science": ^2.0.7
  checksum: 8bce3937da938b8b64f08ee810c705add183723e896485d879350729737a261aafb47c7f20f0c5c0fa8d1358963522a1182b3180b1a2ed64a6b666038e28eae8
  languageName: node
  linkType: hard

"@cspell/dict-r@npm:^2.1.0":
  version: 2.1.0
  resolution: "@cspell/dict-r@npm:2.1.0"
  checksum: 5ba48ac82578feade56196fa6c236a2bbea5555ce9cade2966a0c2bbd676b37aeac06556079ca7a306189ff8e9f811ca4c1b01c58ddbcdda447a9434277792c9
  languageName: node
  linkType: hard

"@cspell/dict-ruby@npm:^5.0.7":
  version: 5.0.7
  resolution: "@cspell/dict-ruby@npm:5.0.7"
  checksum: cdd1a7e15e4fb0e46f731ce13e76c35bea9529b22b80c61ea6f5b09ea9e217fa78de62c67337c9948a179137cf6b7c616a20afb29030134f7a774964419b0307
  languageName: node
  linkType: hard

"@cspell/dict-rust@npm:^4.0.11":
  version: 4.0.11
  resolution: "@cspell/dict-rust@npm:4.0.11"
  checksum: e336ad35129660bfde98efa9498a0b7237374ee9026baf7366a52f73f5c1a85cd0ed9dffcead7af2350155456ba8f1157d63dd17061a6187d1eabedaf33372ef
  languageName: node
  linkType: hard

"@cspell/dict-scala@npm:^5.0.7":
  version: 5.0.7
  resolution: "@cspell/dict-scala@npm:5.0.7"
  checksum: 2eed66e8fc079995c5c7d47ce81e02b2a0312a33aa941253c727cf2ee3da8e43efc335b995f497277b919293545d8b9f71bc3181dfa694cacd9ebe79b5312cf0
  languageName: node
  linkType: hard

"@cspell/dict-shell@npm:1.1.0, @cspell/dict-shell@npm:^1.1.0":
  version: 1.1.0
  resolution: "@cspell/dict-shell@npm:1.1.0"
  checksum: bb583a25cc955d89b7f0523fa46cd10b5ac0f3395addb2592f59e7e2fdfa03df4c3eb485c4c36fd79d58578711e083ea22f8ab794a4deb9ae31a186eef959eb0
  languageName: node
  linkType: hard

"@cspell/dict-software-terms@npm:^4.2.4":
  version: 4.2.4
  resolution: "@cspell/dict-software-terms@npm:4.2.4"
  checksum: a4ff72ee8c9f18e24d1f18e6622a15b7a1df221c87b8d158b0f1783b8d07cc311b85b0d5ddf096138693102d6e25cea7b13bfc2af2a8ce58244b04190ac607fd
  languageName: node
  linkType: hard

"@cspell/dict-sql@npm:^2.2.0":
  version: 2.2.0
  resolution: "@cspell/dict-sql@npm:2.2.0"
  checksum: 46a02b2a8086802aaf5b81d7570c56a73f4bbb59ffc97823c41041521a33d85d6f0b065753bbc11776f670fc98846c28ee9496cb03c79f0b87f361f9ffd3c03d
  languageName: node
  linkType: hard

"@cspell/dict-svelte@npm:^1.0.6":
  version: 1.0.6
  resolution: "@cspell/dict-svelte@npm:1.0.6"
  checksum: b6c4fb7738cc3070d3d6aa843e9a0ef9783a8e64368d0d4e0689e4680f6640760feb03db6c20e3a997d72381938cf669359e1d2730a1d14a6daa014c324ad160
  languageName: node
  linkType: hard

"@cspell/dict-swift@npm:^2.0.5":
  version: 2.0.5
  resolution: "@cspell/dict-swift@npm:2.0.5"
  checksum: 09c84f12840f1ef000c0a775ba94ee49e7726d552744be4f21000a8fd45ac7608d4142f8cd9e28a111ac9afd0c0a657183cad35ff899178c02254c27593c3704
  languageName: node
  linkType: hard

"@cspell/dict-terraform@npm:^1.1.0":
  version: 1.1.0
  resolution: "@cspell/dict-terraform@npm:1.1.0"
  checksum: 3c5623ee9af897620317b1289a9368c01feca86b97c8b28c8e465f9d1135aa2c30fae1db6e6f28515e834861222e32ab0f47514072025d4dd4d4a05284617033
  languageName: node
  linkType: hard

"@cspell/dict-typescript@npm:^3.2.0":
  version: 3.2.0
  resolution: "@cspell/dict-typescript@npm:3.2.0"
  checksum: fb4664bcd2e62cea832f2a996d4b601efee18e62b37671baf70b1c5e253528a35d57b464db9776efc3becb2fce7e687f01ba374fc36e3b25da848529244925ea
  languageName: node
  linkType: hard

"@cspell/dict-vue@npm:^3.0.4":
  version: 3.0.4
  resolution: "@cspell/dict-vue@npm:3.0.4"
  checksum: 53904dcaf74ac5e20814ebc2aa484ad6cc607091312c8eeaefb81ada060869c20625accda5e35939e53c148261c67c4129f859fbf50da28cfa5b30d70290ee15
  languageName: node
  linkType: hard

"@cspell/dynamic-import@npm:8.17.3":
  version: 8.17.3
  resolution: "@cspell/dynamic-import@npm:8.17.3"
  dependencies:
    "@cspell/url": 8.17.3
    import-meta-resolve: ^4.1.0
  checksum: 0dc5b3624fcf6a6048c0690f8ca4fa731818202ac548415b36453604fd5b3b6ff18e161f7bdc2f2c4adda51beedc174b7e0dba1d94143a93bd76ca8bf7f56f8e
  languageName: node
  linkType: hard

"@cspell/filetypes@npm:8.17.3":
  version: 8.17.3
  resolution: "@cspell/filetypes@npm:8.17.3"
  checksum: 83be778c5691a5aeba6d5451d32d4685e7d463072a51512b04c3cde78b005bccdf743d780382c3099bf25685fb6c8ab4ab5c50768c0de24c89731850a7b8f0ee
  languageName: node
  linkType: hard

"@cspell/strong-weak-map@npm:8.17.3":
  version: 8.17.3
  resolution: "@cspell/strong-weak-map@npm:8.17.3"
  checksum: 1cae32860137f261407b3fef2892d0a373e12124ebac565d588e062f1e76b7f02655a2b75b7cab6071a049467d2d6682575e1c90e6c0fe129095708ace9d5f43
  languageName: node
  linkType: hard

"@cspell/url@npm:8.17.3":
  version: 8.17.3
  resolution: "@cspell/url@npm:8.17.3"
  checksum: 1dd83a79ee8a5f28f05954ed25e33a0d3d4846a1bb8896b1f48de17dcbf1c2be80c145d1838ef017b2303cb105b8d76585ddcda54487ef01236081ca22e83e3a
  languageName: node
  linkType: hard

"array-timsort@npm:^1.0.3":
  version: 1.0.3
  resolution: "array-timsort@npm:1.0.3"
  checksum: fd4b5b0911214bdc8b5699ed10d309685551b518b3819c611c967cff59b87aee01cf591a10e36a3f14dbff696984bd6682b845f6fdbf1217195e910f241a4f78
  languageName: node
  linkType: hard

"braces@npm:^3.0.3":
  version: 3.0.3
  resolution: "braces@npm:3.0.3"
  dependencies:
    fill-range: ^7.1.1
  checksum: b95aa0b3bd909f6cd1720ffcf031aeaf46154dd88b4da01f9a1d3f7ea866a79eba76a6d01cbc3c422b2ee5cdc39a4f02491058d5df0d7bf6e6a162a832df1f69
  languageName: node
  linkType: hard

"callsites@npm:^3.0.0, callsites@npm:^3.1.0":
  version: 3.1.0
  resolution: "callsites@npm:3.1.0"
  checksum: 072d17b6abb459c2ba96598918b55868af677154bec7e73d222ef95a8fdb9bbf7dae96a8421085cdad8cd190d86653b5b6dc55a4484f2e5b2e27d5e0c3fc15b3
  languageName: node
  linkType: hard

"chalk-template@npm:^1.1.0":
  version: 1.1.0
  resolution: "chalk-template@npm:1.1.0"
  dependencies:
    chalk: ^5.2.0
  checksum: 868aae8d4e7556ad2f35de4e04fe65dbe1ea6c5c80ad783f1c156d0a5c33f444c6814f49cbb68fe348c78e99daf2bcf566b47ad7e13603e4691ca78b2f422824
  languageName: node
  linkType: hard

"chalk@npm:^5.2.0":
  version: 5.3.0
  resolution: "chalk@npm:5.3.0"
  checksum: 623922e077b7d1e9dedaea6f8b9e9352921f8ae3afe739132e0e00c275971bdd331268183b2628cf4ab1727c45ea1f28d7e24ac23ce1db1eb653c414ca8a5a80
  languageName: node
  linkType: hard

"chalk@npm:^5.4.1":
  version: 5.4.1
  resolution: "chalk@npm:5.4.1"
  checksum: 0c656f30b782fed4d99198825c0860158901f449a6b12b818b0aabad27ec970389e7e8767d0e00762175b23620c812e70c4fd92c0210e55fc2d993638b74e86e
  languageName: node
  linkType: hard

"clear-module@npm:^4.1.2":
  version: 4.1.2
  resolution: "clear-module@npm:4.1.2"
  dependencies:
    parent-module: ^2.0.0
    resolve-from: ^5.0.0
  checksum: 4931f0c461f5d7b9b79f62c2d1bc31c37f7f1d33b4e95eef7080a83955c0374f4c180f5a96cc4d63bbefc64a9aa5d12b155641109e8e489dfa50fd5820e5101f
  languageName: node
  linkType: hard

"commander@npm:^13.1.0":
  version: 13.1.0
  resolution: "commander@npm:13.1.0"
  checksum: 8ca2fcb33caf2aa06fba3722d7a9440921331d54019dabf906f3603313e7bf334b009b862257b44083ff65d5a3ab19e83ad73af282bd5319f01dc228bdf87ef0
  languageName: node
  linkType: hard

"comment-json@npm:^4.2.5":
  version: 4.2.5
  resolution: "comment-json@npm:4.2.5"
  dependencies:
    array-timsort: ^1.0.3
    core-util-is: ^1.0.3
    esprima: ^4.0.1
    has-own-prop: ^2.0.0
    repeat-string: ^1.6.1
  checksum: 6dfc7b83d079595f3fd397af1fe2c48537c0a6fe537f718c4a9e5fbdbb78bb8c2bf0aebc0cc64d14c4807eb030f3e5357235a5adcc366457ab4059256d57f59c
  languageName: node
  linkType: hard

"core-util-is@npm:^1.0.3":
  version: 1.0.3
  resolution: "core-util-is@npm:1.0.3"
  checksum: 9de8597363a8e9b9952491ebe18167e3b36e7707569eed0ebf14f8bba773611376466ae34575bca8cfe3c767890c859c74056084738f09d4e4a6f902b2ad7d99
  languageName: node
  linkType: hard

"cspell-config-lib@npm:8.17.3":
  version: 8.17.3
  resolution: "cspell-config-lib@npm:8.17.3"
  dependencies:
    "@cspell/cspell-types": 8.17.3
    comment-json: ^4.2.5
    yaml: ^2.7.0
  checksum: 3ccdef725beca7407908754c8356b4fe68db28835004afbe4f5bc89babe0629022e6ba0ac87252c2a092141575f48f0bd93a74d3441a16cc42f7f1391f24fb22
  languageName: node
  linkType: hard

"cspell-dictionary@npm:8.17.3":
  version: 8.17.3
  resolution: "cspell-dictionary@npm:8.17.3"
  dependencies:
    "@cspell/cspell-pipe": 8.17.3
    "@cspell/cspell-types": 8.17.3
    cspell-trie-lib: 8.17.3
    fast-equals: ^5.2.2
  checksum: 04309529f815fcc8c26ee04a663876ad32b85d8850b035ba93777f0b4a20df8716b4e1343d770d4a23a4a97e3cd624f4fd11a7137aec346fa555309636172715
  languageName: node
  linkType: hard

"cspell-gitignore@npm:8.17.3":
  version: 8.17.3
  resolution: "cspell-gitignore@npm:8.17.3"
  dependencies:
    "@cspell/url": 8.17.3
    cspell-glob: 8.17.3
    cspell-io: 8.17.3
    find-up-simple: ^1.0.0
  bin:
    cspell-gitignore: bin.mjs
  checksum: 75f60c59a3781c84c670692c65b10bea374dbf9d85b3030fbb24d4ff199d7145f64454d57f4832b8190568eec828b2352e5e598d61a5503329d9dbda1190d4b5
  languageName: node
  linkType: hard

"cspell-glob@npm:8.17.3":
  version: 8.17.3
  resolution: "cspell-glob@npm:8.17.3"
  dependencies:
    "@cspell/url": 8.17.3
    micromatch: ^4.0.8
  checksum: cf702b925a012d8aa9c41f5c4d1ea0d1f9ab14b45cd9dfd3269acad3572d4b419f20c232738347abcb726b5ca6c8fddc8812fd239b499aadf1b0dcaa04bc3f17
  languageName: node
  linkType: hard

"cspell-grammar@npm:8.17.3":
  version: 8.17.3
  resolution: "cspell-grammar@npm:8.17.3"
  dependencies:
    "@cspell/cspell-pipe": 8.17.3
    "@cspell/cspell-types": 8.17.3
  bin:
    cspell-grammar: bin.mjs
  checksum: 118a971a7c889a12dca153f43a1a2992481f66b283cf8e71a9fb16d98f49034156ed11bec7682e0afa7039d23413e45362f680c219441c8aaeb0498b263e3060
  languageName: node
  linkType: hard

"cspell-io@npm:8.17.3":
  version: 8.17.3
  resolution: "cspell-io@npm:8.17.3"
  dependencies:
    "@cspell/cspell-service-bus": 8.17.3
    "@cspell/url": 8.17.3
  checksum: 566f15ac784e512662698efcd09230e8a6ac995adabfeeb6bf383be11d28d68a16e92cded85f3de4c99f3296ef878c7a94096972a51a6e48383d624402908cd2
  languageName: node
  linkType: hard

"cspell-lib@npm:8.17.3":
  version: 8.17.3
  resolution: "cspell-lib@npm:8.17.3"
  dependencies:
    "@cspell/cspell-bundled-dicts": 8.17.3
    "@cspell/cspell-pipe": 8.17.3
    "@cspell/cspell-resolver": 8.17.3
    "@cspell/cspell-types": 8.17.3
    "@cspell/dynamic-import": 8.17.3
    "@cspell/filetypes": 8.17.3
    "@cspell/strong-weak-map": 8.17.3
    "@cspell/url": 8.17.3
    clear-module: ^4.1.2
    comment-json: ^4.2.5
    cspell-config-lib: 8.17.3
    cspell-dictionary: 8.17.3
    cspell-glob: 8.17.3
    cspell-grammar: 8.17.3
    cspell-io: 8.17.3
    cspell-trie-lib: 8.17.3
    env-paths: ^3.0.0
    fast-equals: ^5.2.2
    gensequence: ^7.0.0
    import-fresh: ^3.3.0
    resolve-from: ^5.0.0
    vscode-languageserver-textdocument: ^1.0.12
    vscode-uri: ^3.0.8
    xdg-basedir: ^5.1.0
  checksum: 9edcb996f459788b24d6737c61593f3bdce5f16196c2dcaf7eda173443d7c901b9bf72c46fb699a54d2041104ae0917782621e2164b97eae5f9d82db16ee0ae4
  languageName: node
  linkType: hard

"cspell-trie-lib@npm:8.17.3":
  version: 8.17.3
  resolution: "cspell-trie-lib@npm:8.17.3"
  dependencies:
    "@cspell/cspell-pipe": 8.17.3
    "@cspell/cspell-types": 8.17.3
    gensequence: ^7.0.0
  checksum: 1d64df4b663d57121e91541d8a6d1d7cd55a239fd66cc9f7eb689e3af978f72f31bf6d71c59d79ebe5b0643cb2f81a4a0dc06e46705698c82901cec69520eb48
  languageName: node
  linkType: hard

"cspell@npm:^8.17.3":
  version: 8.17.3
  resolution: "cspell@npm:8.17.3"
  dependencies:
    "@cspell/cspell-json-reporter": 8.17.3
    "@cspell/cspell-pipe": 8.17.3
    "@cspell/cspell-types": 8.17.3
    "@cspell/dynamic-import": 8.17.3
    "@cspell/url": 8.17.3
    chalk: ^5.4.1
    chalk-template: ^1.1.0
    commander: ^13.1.0
    cspell-dictionary: 8.17.3
    cspell-gitignore: 8.17.3
    cspell-glob: 8.17.3
    cspell-io: 8.17.3
    cspell-lib: 8.17.3
    fast-json-stable-stringify: ^2.1.0
    file-entry-cache: ^9.1.0
    get-stdin: ^9.0.0
    semver: ^7.6.3
    tinyglobby: ^0.2.10
  bin:
    cspell: bin.mjs
    cspell-esm: bin.mjs
  checksum: 95b9989f193941bda6a3b6bac1d98fd06827cc05ff3585f2bbea0f4b0b055f95320ba0b4ee47414f66143b4b12d55a9c1d9a7fbbfdccb1808b20d64b3ea6c5f1
  languageName: node
  linkType: hard

"development@workspace:.":
  version: 0.0.0-use.local
  resolution: "development@workspace:."
  dependencies:
    cspell: ^8.17.3
  languageName: unknown
  linkType: soft

"env-paths@npm:^3.0.0":
  version: 3.0.0
  resolution: "env-paths@npm:3.0.0"
  checksum: b2b0a0d0d9931a13d279c22ed94d78648a1cc5f408f05d47ff3e0c1616f0aa0c38fb33deec5e5be50497225d500607d57f9c8652c4d39c2f2b7608cd45768128
  languageName: node
  linkType: hard

"esprima@npm:^4.0.1":
  version: 4.0.1
  resolution: "esprima@npm:4.0.1"
  bin:
    esparse: ./bin/esparse.js
    esvalidate: ./bin/esvalidate.js
  checksum: b45bc805a613dbea2835278c306b91aff6173c8d034223fa81498c77dcbce3b2931bf6006db816f62eacd9fd4ea975dfd85a5b7f3c6402cfd050d4ca3c13a628
  languageName: node
  linkType: hard

"fast-equals@npm:^5.2.2":
  version: 5.2.2
  resolution: "fast-equals@npm:5.2.2"
  checksum: 7156bcade0be5ee4dc335969d255a5815348d57080e1876fa1584451eafd0c92588de5f5840e55f81841b6d907ade2a49a46e4ec33e6f7a283a209c0fd8f8a59
  languageName: node
  linkType: hard

"fast-json-stable-stringify@npm:^2.1.0":
  version: 2.1.0
  resolution: "fast-json-stable-stringify@npm:2.1.0"
  checksum: b191531e36c607977e5b1c47811158733c34ccb3bfde92c44798929e9b4154884378536d26ad90dfecd32e1ffc09c545d23535ad91b3161a27ddbb8ebe0cbecb
  languageName: node
  linkType: hard

"fdir@npm:^6.4.2":
  version: 6.4.2
  resolution: "fdir@npm:6.4.2"
  peerDependencies:
    picomatch: ^3 || ^4
  peerDependenciesMeta:
    picomatch:
      optional: true
  checksum: 517ad31c495f1c0778238eef574a7818788efaaf2ce1969ffa18c70793e2951a9763dfa2e6720b8fcef615e602a3cbb47f9b8aea9da0b02147579ab36043f22f
  languageName: node
  linkType: hard

"file-entry-cache@npm:^9.1.0":
  version: 9.1.0
  resolution: "file-entry-cache@npm:9.1.0"
  dependencies:
    flat-cache: ^5.0.0
  checksum: 9f2345505677fa83767c55aa3667c52b62c409bd6f2b5408999d635f1d8cc6ecab868f0a5fdfb2fadf64a0d2e92374c02ddd0c9eaea9651cfbcead56fd640099
  languageName: node
  linkType: hard

"fill-range@npm:^7.1.1":
  version: 7.1.1
  resolution: "fill-range@npm:7.1.1"
  dependencies:
    to-regex-range: ^5.0.1
  checksum: b4abfbca3839a3d55e4ae5ec62e131e2e356bf4859ce8480c64c4876100f4df292a63e5bb1618e1d7460282ca2b305653064f01654474aa35c68000980f17798
  languageName: node
  linkType: hard

"find-up-simple@npm:^1.0.0":
  version: 1.0.0
  resolution: "find-up-simple@npm:1.0.0"
  checksum: 91c3d51c1111b5eb4e6e6d71d21438f6571a37a69dc288d4222b98996756e2f472fa5393a4dddb5e1a84929405d87e86f4bdce798ba84ee513b79854960ec140
  languageName: node
  linkType: hard

"flat-cache@npm:^5.0.0":
  version: 5.0.0
  resolution: "flat-cache@npm:5.0.0"
  dependencies:
    flatted: ^3.3.1
    keyv: ^4.5.4
  checksum: a7d03de79b603f5621009f75d84d2c5cd8fb762911df93c0ed16cd1cd4f7b8d2357d4aaed8806b5943ce71ebcd4fc4998faf061f33879c56c5294b3f5c3698ef
  languageName: node
  linkType: hard

"flatted@npm:^3.3.1":
  version: 3.3.1
  resolution: "flatted@npm:3.3.1"
  checksum: 85ae7181650bb728c221e7644cbc9f4bf28bc556f2fc89bb21266962bdf0ce1029cc7acc44bb646cd469d9baac7c317f64e841c4c4c00516afa97320cdac7f94
  languageName: node
  linkType: hard

"gensequence@npm:^7.0.0":
  version: 7.0.0
  resolution: "gensequence@npm:7.0.0"
  checksum: 85ab3a47c9900e5263713277f7c54f1599d8ee180e0e978c5130bef5eeba04922e7fd1bcdfcf82e72bcab124e475b427b0acdb51b98f0e184cb3c48872fef964
  languageName: node
  linkType: hard

"get-stdin@npm:^9.0.0":
  version: 9.0.0
  resolution: "get-stdin@npm:9.0.0"
  checksum: 5972bc34d05932b45512c8e2d67b040f1c1ca8afb95c56cbc480985f2d761b7e37fe90dc8abd22527f062cc5639a6930ff346e9952ae4c11a2d4275869459594
  languageName: node
  linkType: hard

"global-directory@npm:^4.0.1":
  version: 4.0.1
  resolution: "global-directory@npm:4.0.1"
  dependencies:
    ini: 4.1.1
  checksum: 5b4df24438a4e5f21e43fbdd9e54f5e12bb48dce01a0a83b415d8052ce91be2d3a97e0c8f98a535e69649b2190036155e9f0f7d3c62f9318f31bdc3fd4f235f5
  languageName: node
  linkType: hard

"has-own-prop@npm:^2.0.0":
  version: 2.0.0
  resolution: "has-own-prop@npm:2.0.0"
  checksum: ca6336e85ead2295c9603880cbc199e2d3ff7eaea0e9035d68fbc79892e9cf681abc62c0909520f112c671dad9961be2173b21dff951358cc98425c560e789e0
  languageName: node
  linkType: hard

"import-fresh@npm:^3.3.0":
  version: 3.3.0
  resolution: "import-fresh@npm:3.3.0"
  dependencies:
    parent-module: ^1.0.0
    resolve-from: ^4.0.0
  checksum: 2cacfad06e652b1edc50be650f7ec3be08c5e5a6f6d12d035c440a42a8cc028e60a5b99ca08a77ab4d6b1346da7d971915828f33cdab730d3d42f08242d09baa
  languageName: node
  linkType: hard

"import-meta-resolve@npm:^4.1.0":
  version: 4.1.0
  resolution: "import-meta-resolve@npm:4.1.0"
  checksum: 6497af27bf3ee384ad4efd4e0ec3facf9a114863f35a7b35f248659f32faa5e1ae07baa74d603069f35734ae3718a78b3f66926f98dc9a62e261e7df37854a62
  languageName: node
  linkType: hard

"ini@npm:4.1.1":
  version: 4.1.1
  resolution: "ini@npm:4.1.1"
  checksum: 0e5909554074fbc31824fa5415b0f604de4a665514c96a897a77bf77353a7ad4743927321270e9d0610a9d510ccd1f3cd77422f7cc80d8f4542dbce75476fb6d
  languageName: node
  linkType: hard

"is-number@npm:^7.0.0":
  version: 7.0.0
  resolution: "is-number@npm:7.0.0"
  checksum: 456ac6f8e0f3111ed34668a624e45315201dff921e5ac181f8ec24923b99e9f32ca1a194912dc79d539c97d33dba17dc635202ff0b2cf98326f608323276d27a
  languageName: node
  linkType: hard

"json-buffer@npm:3.0.1":
  version: 3.0.1
  resolution: "json-buffer@npm:3.0.1"
  checksum: 9026b03edc2847eefa2e37646c579300a1f3a4586cfb62bf857832b60c852042d0d6ae55d1afb8926163fa54c2b01d83ae24705f34990348bdac6273a29d4581
  languageName: node
  linkType: hard

"keyv@npm:^4.5.4":
  version: 4.5.4
  resolution: "keyv@npm:4.5.4"
  dependencies:
    json-buffer: 3.0.1
  checksum: 74a24395b1c34bd44ad5cb2b49140d087553e170625240b86755a6604cd65aa16efdbdeae5cdb17ba1284a0fbb25ad06263755dbc71b8d8b06f74232ce3cdd72
  languageName: node
  linkType: hard

"micromatch@npm:^4.0.8":
  version: 4.0.8
  resolution: "micromatch@npm:4.0.8"
  dependencies:
    braces: ^3.0.3
    picomatch: ^2.3.1
  checksum: 79920eb634e6f400b464a954fcfa589c4e7c7143209488e44baf627f9affc8b1e306f41f4f0deedde97e69cb725920879462d3e750ab3bd3c1aed675bb3a8966
  languageName: node
  linkType: hard

"parent-module@npm:^1.0.0":
  version: 1.0.1
  resolution: "parent-module@npm:1.0.1"
  dependencies:
    callsites: ^3.0.0
  checksum: 6ba8b255145cae9470cf5551eb74be2d22281587af787a2626683a6c20fbb464978784661478dd2a3f1dad74d1e802d403e1b03c1a31fab310259eec8ac560ff
  languageName: node
  linkType: hard

"parent-module@npm:^2.0.0":
  version: 2.0.0
  resolution: "parent-module@npm:2.0.0"
  dependencies:
    callsites: ^3.1.0
  checksum: f131f13d687a938556a01033561fb1b274b39921eb4425c7a691f0d91dcfbe9b19759c2b8d425a3ee7c8a46874e57fa418a690643880c3c7c56827aba12f78dd
  languageName: node
  linkType: hard

"picomatch@npm:^2.3.1":
  version: 2.3.1
  resolution: "picomatch@npm:2.3.1"
  checksum: 050c865ce81119c4822c45d3c84f1ced46f93a0126febae20737bd05ca20589c564d6e9226977df859ed5e03dc73f02584a2b0faad36e896936238238b0446cf
  languageName: node
  linkType: hard

"picomatch@npm:^4.0.2":
  version: 4.0.2
  resolution: "picomatch@npm:4.0.2"
  checksum: a7a5188c954f82c6585720e9143297ccd0e35ad8072231608086ca950bee672d51b0ef676254af0788205e59bd4e4deb4e7708769226bed725bf13370a7d1464
  languageName: node
  linkType: hard

"repeat-string@npm:^1.6.1":
  version: 1.6.1
  resolution: "repeat-string@npm:1.6.1"
  checksum: 1b809fc6db97decdc68f5b12c4d1a671c8e3f65ec4a40c238bc5200e44e85bcc52a54f78268ab9c29fcf5fe4f1343e805420056d1f30fa9a9ee4c2d93e3cc6c0
  languageName: node
  linkType: hard

"resolve-from@npm:^4.0.0":
  version: 4.0.0
  resolution: "resolve-from@npm:4.0.0"
  checksum: f4ba0b8494846a5066328ad33ef8ac173801a51739eb4d63408c847da9a2e1c1de1e6cbbf72699211f3d13f8fc1325648b169bd15eb7da35688e30a5fb0e4a7f
  languageName: node
  linkType: hard

"resolve-from@npm:^5.0.0":
  version: 5.0.0
  resolution: "resolve-from@npm:5.0.0"
  checksum: 4ceeb9113e1b1372d0cd969f3468fa042daa1dd9527b1b6bb88acb6ab55d8b9cd65dbf18819f9f9ddf0db804990901dcdaade80a215e7b2c23daae38e64f5bdf
  languageName: node
  linkType: hard

"semver@npm:^7.6.3":
  version: 7.6.3
  resolution: "semver@npm:7.6.3"
  bin:
    semver: bin/semver.js
  checksum: 4110ec5d015c9438f322257b1c51fe30276e5f766a3f64c09edd1d7ea7118ecbc3f379f3b69032bacf13116dc7abc4ad8ce0d7e2bd642e26b0d271b56b61a7d8
  languageName: node
  linkType: hard

"tinyglobby@npm:^0.2.10":
  version: 0.2.10
  resolution: "tinyglobby@npm:0.2.10"
  dependencies:
    fdir: ^6.4.2
    picomatch: ^4.0.2
  checksum: 7e2ffe262ebc149036bdef37c56b32d02d52cf09efa7d43dbdab2ea3c12844a4da881058835ce4c74d1891190e5ad5ec5133560a11ec8314849b68ad0d99d3f4
  languageName: node
  linkType: hard

"to-regex-range@npm:^5.0.1":
  version: 5.0.1
  resolution: "to-regex-range@npm:5.0.1"
  dependencies:
    is-number: ^7.0.0
  checksum: f76fa01b3d5be85db6a2a143e24df9f60dd047d151062d0ba3df62953f2f697b16fe5dad9b0ac6191c7efc7b1d9dcaa4b768174b7b29da89d4428e64bc0a20ed
  languageName: node
  linkType: hard

"vscode-languageserver-textdocument@npm:^1.0.12":
  version: 1.0.12
  resolution: "vscode-languageserver-textdocument@npm:1.0.12"
  checksum: 49415c8f065860693fdd6cb0f7b8a24470130dc941e887a396b6e6bbae93be132323a644aa1edd7d0eec38a730e05a2d013aebff6bddd30c5af374ef3f4cd9ab
  languageName: node
  linkType: hard

"vscode-uri@npm:^3.0.8":
  version: 3.0.8
  resolution: "vscode-uri@npm:3.0.8"
  checksum: 514249126850c0a41a7d8c3c2836cab35983b9dc1938b903cfa253b9e33974c1416d62a00111385adcfa2b98df456437ab704f709a2ecca76a90134ef5eb4832
  languageName: node
  linkType: hard

"xdg-basedir@npm:^5.1.0":
  version: 5.1.0
  resolution: "xdg-basedir@npm:5.1.0"
  checksum: b60e8a2c663ccb1dac77c2d913f3b96de48dafbfa083657171d3d50e10820b8a04bb4edfe9f00808c8c20e5f5355e1927bea9029f03136e29265cb98291e1fea
  languageName: node
  linkType: hard

"yaml@npm:^2.7.0":
  version: 2.7.0
  resolution: "yaml@npm:2.7.0"
  bin:
    yaml: bin.mjs
  checksum: 6e8b2f9b9d1b18b10274d58eb3a47ec223d9a93245a890dcb34d62865f7e744747190a9b9177d5f0ef4ea2e44ad2c0214993deb42e0800766203ac46f00a12dd
  languageName: node
  linkType: hard
